// !$*UTF8*$!
{
	archiveVersion = 1;
	classes = {
	};
	objectVersion = 50;
	objects = {

/* Begin PBXBuildFile section */
		552B1E77217924780062E4CC /* Assets.xcassets in Resources */ = {isa = PBXBuildFile; fileRef = 552B1E76217924780062E4CC /* Assets.xcassets */; };
		552B1E87217925190062E4CC /* Help in Resources */ = {isa = PBXBuildFile; fileRef = 552B1E85217925190062E4CC /* Help */; };
		552B1EE2217925790062E4CC /* ClueRules.mm in Sources */ = {isa = PBXBuildFile; fileRef = 552B1E89217925700062E4CC /* ClueRules.mm */; };
		552B1EE4217925790062E4CC /* ClueLoadNib.mm in Sources */ = {isa = PBXBuildFile; fileRef = 552B1E8C217925700062E4CC /* ClueLoadNib.mm */; };
		552B1EE6217925790062E4CC /* ClueRandyMizer.mm in Sources */ = {isa = PBXBuildFile; fileRef = 552B1E90217925700062E4CC /* ClueRandyMizer.mm */; };
		552B1EE9217925790062E4CC /* ClueCondArray.cc in Sources */ = {isa = PBXBuildFile; fileRef = 552B1E95217925710062E4CC /* ClueCondArray.cc */; };
		552B1EEA217925790062E4CC /* ClueCyBorg.mm in Sources */ = {isa = PBXBuildFile; fileRef = 552B1E96217925710062E4CC /* ClueCyBorg.mm */; };
		552B1EEB217925790062E4CC /* ClueDefs.mm in Sources */ = {isa = PBXBuildFile; fileRef = 552B1E97217925710062E4CC /* ClueDefs.mm */; };
		552B1EEC217925790062E4CC /* ClueDeeDucer.mm in Sources */ = {isa = PBXBuildFile; fileRef = 552B1E98217925710062E4CC /* ClueDeeDucer.mm */; };
		552B1EED217925790062E4CC /* ClueHuman.mm in Sources */ = {isa = PBXBuildFile; fileRef = 552B1E9A217925710062E4CC /* ClueHuman.mm */; };
		552B1EEF217925790062E4CC /* ClueAnnaLyzer.mm in Sources */ = {isa = PBXBuildFile; fileRef = 552B1E9D217925720062E4CC /* ClueAnnaLyzer.mm */; };
		552B1EF2217925790062E4CC /* ClueRules.xib in Resources */ = {isa = PBXBuildFile; fileRef = 552B1EA2217925720062E4CC /* ClueRules.xib */; };
		552B1EF3217925790062E4CC /* ClueInfo.xib in Resources */ = {isa = PBXBuildFile; fileRef = 552B1EA4217925720062E4CC /* ClueInfo.xib */; };
		552B1EFA217925790062E4CC /* ClueSetup.mm in Sources */ = {isa = PBXBuildFile; fileRef = 552B1EAC217925730062E4CC /* ClueSetup.mm */; };
		552B1EFF217925790062E4CC /* ClueBoardView.mm in Sources */ = {isa = PBXBuildFile; fileRef = 552B1EB4217925740062E4CC /* ClueBoardView.mm */; };
		552B1F02217925790062E4CC /* ClueMessages.mm in Sources */ = {isa = PBXBuildFile; fileRef = 552B1EB7217925750062E4CC /* ClueMessages.mm */; };
		552B1F03217925790062E4CC /* ClueBoard.mm in Sources */ = {isa = PBXBuildFile; fileRef = 552B1EB8217925750062E4CC /* ClueBoard.mm */; };
		552B1F04217925790062E4CC /* ClueBeaGinner.mm in Sources */ = {isa = PBXBuildFile; fileRef = 552B1EB9217925750062E4CC /* ClueBeaGinner.mm */; };
		552B1F05217925790062E4CC /* ClueBoard.xib in Resources */ = {isa = PBXBuildFile; fileRef = 552B1EBC217925750062E4CC /* ClueBoard.xib */; };
		552B1F07217925790062E4CC /* ClueCoordArray.cc in Sources */ = {isa = PBXBuildFile; fileRef = 552B1EC0217925760062E4CC /* ClueCoordArray.cc */; };
		552B1F08217925790062E4CC /* Clue.xib in Resources */ = {isa = PBXBuildFile; fileRef = 552B1EC1217925760062E4CC /* Clue.xib */; };
		552B1F09217925790062E4CC /* ClueMessages.xib in Resources */ = {isa = PBXBuildFile; fileRef = 552B1EC2217925760062E4CC /* ClueMessages.xib */; };
		552B1F0A217925790062E4CC /* ClueMgr.mm in Sources */ = {isa = PBXBuildFile; fileRef = 552B1EC3217925760062E4CC /* ClueMgr.mm */; };
		552B1F0B217925790062E4CC /* ClueUpdateStack.cc in Sources */ = {isa = PBXBuildFile; fileRef = 552B1EC4217925760062E4CC /* ClueUpdateStack.cc */; };
		552B1F0D217925790062E4CC /* ClueHuman.nib in Resources */ = {isa = PBXBuildFile; fileRef = 552B1EC7217925760062E4CC /* ClueHuman.nib */; };
		552B1F0E217925790062E4CC /* ClueComputer.mm in Sources */ = {isa = PBXBuildFile; fileRef = 552B1EC8217925760062E4CC /* ClueComputer.mm */; };
		552B1F0F217925790062E4CC /* ClueMap.cc in Sources */ = {isa = PBXBuildFile; fileRef = 552B1EC9217925770062E4CC /* ClueMap.cc */; };
		552B1F10217925790062E4CC /* ClueSetup.xib in Resources */ = {isa = PBXBuildFile; fileRef = 552B1ECA217925770062E4CC /* ClueSetup.xib */; };
		552B1F11217925790062E4CC /* HISTORY.txt in Resources */ = {isa = PBXBuildFile; fileRef = 552B1ECB217925770062E4CC /* HISTORY.txt */; };
		552B1F13217925790062E4CC /* Clue_main.m in Sources */ = {isa = PBXBuildFile; fileRef = 552B1ED0217925770062E4CC /* Clue_main.m */; };
		552B1F19217925790062E4CC /* ClueCyLent.mm in Sources */ = {isa = PBXBuildFile; fileRef = 552B1ED6217925780062E4CC /* ClueCyLent.mm */; };
		552B1F1A217925790062E4CC /* ClueInfo.mm in Sources */ = {isa = PBXBuildFile; fileRef = 552B1ED7217925780062E4CC /* ClueInfo.mm */; };
		552B1F1B217925790062E4CC /* ClueCardPicker.cc in Sources */ = {isa = PBXBuildFile; fileRef = 552B1ED8217925780062E4CC /* ClueCardPicker.cc */; };
		552B1F1D217925790062E4CC /* ClueTrace.mm in Sources */ = {isa = PBXBuildFile; fileRef = 552B1EDB217925780062E4CC /* ClueTrace.mm */; };
		552B1F1E217925790062E4CC /* PACKAGE_NUMBER in Resources */ = {isa = PBXBuildFile; fileRef = 552B1EDC217925790062E4CC /* PACKAGE_NUMBER */; };
		552B1F21217925790062E4CC /* ClueRules.rtfd in Resources */ = {isa = PBXBuildFile; fileRef = 552B1EE0217925790062E4CC /* ClueRules.rtfd */; };
		552B1F22217925790062E4CC /* CluePlayer.mm in Sources */ = {isa = PBXBuildFile; fileRef = 552B1EE1217925790062E4CC /* CluePlayer.mm */; };
		552B1F25217934650062E4CC /* RELEASE_NUMBER in Resources */ = {isa = PBXBuildFile; fileRef = 552B1F24217934650062E4CC /* RELEASE_NUMBER */; };
		55B436752179756C005ABAA2 /* MiscTableScroll.framework in Frameworks */ = {isa = PBXBuildFile; fileRef = 55B4366E2179756C005ABAA2 /* MiscTableScroll.framework */; };
		55B436762179756C005ABAA2 /* MiscTableScroll.framework in Embed Frameworks */ = {isa = PBXBuildFile; fileRef = 55B4366E2179756C005ABAA2 /* MiscTableScroll.framework */; settings = {ATTRIBUTES = (CodeSignOnCopy, RemoveHeadersOnCopy, ); }; };
		55B4367D217975AF005ABAA2 /* MiscExporterAccessoryView.nib in Resources */ = {isa = PBXBuildFile; fileRef = 55B4367F217975AF005ABAA2 /* MiscExporterAccessoryView.nib */; };
		55B436D321797608005ABAA2 /* MiscTableScrollData.mm in Sources */ = {isa = PBXBuildFile; fileRef = 55B4368021797601005ABAA2 /* MiscTableScrollData.mm */; };
		55B436D421797608005ABAA2 /* MiscRectList.mm in Sources */ = {isa = PBXBuildFile; fileRef = 55B4368121797601005ABAA2 /* MiscRectList.mm */; };
		55B436D521797608005ABAA2 /* MiscTableScroll.mm in Sources */ = {isa = PBXBuildFile; fileRef = 55B4368221797601005ABAA2 /* MiscTableScroll.mm */; };
		55B436D621797608005ABAA2 /* MiscExporter.h in Headers */ = {isa = PBXBuildFile; fileRef = 55B4368321797601005ABAA2 /* MiscExporter.h */; settings = {ATTRIBUTES = (Public, ); }; };
		55B436D721797608005ABAA2 /* MiscTableViewPrivate.h in Headers */ = {isa = PBXBuildFile; fileRef = 55B4368421797601005ABAA2 /* MiscTableViewPrivate.h */; };
		55B436D821797608005ABAA2 /* MiscTableViewPS.psw in Resources */ = {isa = PBXBuildFile; fileRef = 55B4368521797601005ABAA2 /* MiscTableViewPS.psw */; };
		55B436D921797608005ABAA2 /* MiscTableScrollISearch.mm in Sources */ = {isa = PBXBuildFile; fileRef = 55B4368621797601005ABAA2 /* MiscTableScrollISearch.mm */; };
		55B436DA21797608005ABAA2 /* MiscTableConnector.h in Headers */ = {isa = PBXBuildFile; fileRef = 55B4368721797601005ABAA2 /* MiscTableConnector.h */; };
		55B436DB21797608005ABAA2 /* MiscListTracker.h in Headers */ = {isa = PBXBuildFile; fileRef = 55B4368821797602005ABAA2 /* MiscListTracker.h */; };
		55B436DC21797608005ABAA2 /* MiscTableScrollPrivate.h in Headers */ = {isa = PBXBuildFile; fileRef = 55B4368921797602005ABAA2 /* MiscTableScrollPrivate.h */; };
		55B436DD21797608005ABAA2 /* MiscTableScrollIO.mm in Sources */ = {isa = PBXBuildFile; fileRef = 55B4368A21797602005ABAA2 /* MiscTableScrollIO.mm */; };
		55B436DE21797608005ABAA2 /* MiscExporterPrivate.h in Headers */ = {isa = PBXBuildFile; fileRef = 55B4368B21797602005ABAA2 /* MiscExporterPrivate.h */; };
		55B436DF21797608005ABAA2 /* MiscMouseTracker.mm in Sources */ = {isa = PBXBuildFile; fileRef = 55B4368C21797602005ABAA2 /* MiscMouseTracker.mm */; };
		55B436E021797608005ABAA2 /* MiscSlotDragCursor.tiff in Resources */ = {isa = PBXBuildFile; fileRef = 55B4368D21797602005ABAA2 /* MiscSlotDragCursor.tiff */; };
		55B436E121797608005ABAA2 /* MiscGeometry.h in Headers */ = {isa = PBXBuildFile; fileRef = 55B4368E21797602005ABAA2 /* MiscGeometry.h */; };
		55B436E221797608005ABAA2 /* MiscRectColorList.h in Headers */ = {isa = PBXBuildFile; fileRef = 55B4368F21797602005ABAA2 /* MiscRectColorList.h */; };
		55B436E321797608005ABAA2 /* MiscExporterAccessoryView.mm in Sources */ = {isa = PBXBuildFile; fileRef = 55B4369021797602005ABAA2 /* MiscExporterAccessoryView.mm */; };
		55B436E421797608005ABAA2 /* MiscTableScroll.h in Headers */ = {isa = PBXBuildFile; fileRef = 55B4369121797602005ABAA2 /* MiscTableScroll.h */; settings = {ATTRIBUTES = (Public, ); }; };
		55B436E521797608005ABAA2 /* MiscTableCell.h in Headers */ = {isa = PBXBuildFile; fileRef = 55B4369221797602005ABAA2 /* MiscTableCell.h */; settings = {ATTRIBUTES = (Public, ); }; };
		55B436E621797608005ABAA2 /* MiscCornerView.mm in Sources */ = {isa = PBXBuildFile; fileRef = 55B4369321797602005ABAA2 /* MiscCornerView.mm */; };
		55B436E721797608005ABAA2 /* MiscExporterASCII.mm in Sources */ = {isa = PBXBuildFile; fileRef = 55B4369421797602005ABAA2 /* MiscExporterASCII.mm */; };
		55B436E821797608005ABAA2 /* MiscSortAscendH.tiff in Resources */ = {isa = PBXBuildFile; fileRef = 55B4369521797602005ABAA2 /* MiscSortAscendH.tiff */; };
		55B436E921797608005ABAA2 /* MiscRowView.mm in Sources */ = {isa = PBXBuildFile; fileRef = 55B4369621797603005ABAA2 /* MiscRowView.mm */; };
		55B436EA21797608005ABAA2 /* MiscHighlightTracker.mm in Sources */ = {isa = PBXBuildFile; fileRef = 55B4369721797603005ABAA2 /* MiscHighlightTracker.mm */; };
		55B436EB21797608005ABAA2 /* MiscGeometry.mm in Sources */ = {isa = PBXBuildFile; fileRef = 55B4369821797603005ABAA2 /* MiscGeometry.mm */; };
		55B436ED21797608005ABAA2 /* MiscColView.mm in Sources */ = {isa = PBXBuildFile; fileRef = 55B4369A21797603005ABAA2 /* MiscColView.mm */; };
		55B436EE21797608005ABAA2 /* MiscLineWrapper.mm in Sources */ = {isa = PBXBuildFile; fileRef = 55B4369B21797603005ABAA2 /* MiscLineWrapper.mm */; };
		55B436EF21797608005ABAA2 /* MiscTableScrollSort.mm in Sources */ = {isa = PBXBuildFile; fileRef = 55B4369C21797603005ABAA2 /* MiscTableScrollSort.mm */; };
		55B436F021797608005ABAA2 /* MiscTableScrollSymbols.mm in Sources */ = {isa = PBXBuildFile; fileRef = 55B4369D21797603005ABAA2 /* MiscTableScrollSymbols.mm */; };
		55B436F121797608005ABAA2 /* MiscSparseSet.cc in Sources */ = {isa = PBXBuildFile; fileRef = 55B4369E21797603005ABAA2 /* MiscSparseSet.cc */; };
		55B436F221797608005ABAA2 /* MiscTableScrollSel.mm in Sources */ = {isa = PBXBuildFile; fileRef = 55B4369F21797603005ABAA2 /* MiscTableScrollSel.mm */; };
		55B436F321797608005ABAA2 /* MiscTableUtil.h in Headers */ = {isa = PBXBuildFile; fileRef = 55B436A021797604005ABAA2 /* MiscTableUtil.h */; };
		55B436F421797608005ABAA2 /* MiscTableViewCursor.mm in Sources */ = {isa = PBXBuildFile; fileRef = 55B436A121797604005ABAA2 /* MiscTableViewCursor.mm */; };
		55B436F521797608005ABAA2 /* MiscTracer.h in Headers */ = {isa = PBXBuildFile; fileRef = 55B436A221797604005ABAA2 /* MiscTracer.h */; };
		55B436F621797608005ABAA2 /* MiscSparseSet.h in Headers */ = {isa = PBXBuildFile; fileRef = 55B436A321797604005ABAA2 /* MiscSparseSet.h */; };
		55B436F721797608005ABAA2 /* MiscTableView.mm in Sources */ = {isa = PBXBuildFile; fileRef = 55B436A421797604005ABAA2 /* MiscTableView.mm */; };
		55B436F821797608005ABAA2 /* MiscCornerView.h in Headers */ = {isa = PBXBuildFile; fileRef = 55B436A521797604005ABAA2 /* MiscCornerView.h */; };
		55B436F921797608005ABAA2 /* MiscSortDescendH.tiff in Resources */ = {isa = PBXBuildFile; fileRef = 55B436A621797604005ABAA2 /* MiscSortDescendH.tiff */; };
		55B436FA21797608005ABAA2 /* MiscRectList.h in Headers */ = {isa = PBXBuildFile; fileRef = 55B436A721797604005ABAA2 /* MiscRectList.h */; };
		55B436FB21797608005ABAA2 /* MiscDrawList.mm in Sources */ = {isa = PBXBuildFile; fileRef = 55B436A821797604005ABAA2 /* MiscDrawList.mm */; };
		55B436FC21797608005ABAA2 /* MiscTableScrollPB.mm in Sources */ = {isa = PBXBuildFile; fileRef = 55B436A921797605005ABAA2 /* MiscTableScrollPB.mm */; };
		55B436FD21797608005ABAA2 /* MiscMouseTracker.h in Headers */ = {isa = PBXBuildFile; fileRef = 55B436AA21797605005ABAA2 /* MiscMouseTracker.h */; };
		55B436FE21797608005ABAA2 /* MiscHighlightTracker.h in Headers */ = {isa = PBXBuildFile; fileRef = 55B436AB21797605005ABAA2 /* MiscHighlightTracker.h */; };
		55B436FF21797608005ABAA2 /* MiscColView.h in Headers */ = {isa = PBXBuildFile; fileRef = 55B436AC21797605005ABAA2 /* MiscColView.h */; };
		55B4370021797608005ABAA2 /* MiscRadioTracker.mm in Sources */ = {isa = PBXBuildFile; fileRef = 55B436AD21797605005ABAA2 /* MiscRadioTracker.mm */; };
		55B4370121797608005ABAA2 /* MiscExporterAccessoryView.h in Headers */ = {isa = PBXBuildFile; fileRef = 55B436AE21797605005ABAA2 /* MiscExporterAccessoryView.h */; };
		55B4370221797608005ABAA2 /* MiscTableScrollEdit.mm in Sources */ = {isa = PBXBuildFile; fileRef = 55B436AF21797605005ABAA2 /* MiscTableScrollEdit.mm */; };
		55B4370321797608005ABAA2 /* MiscTableBorder.h in Headers */ = {isa = PBXBuildFile; fileRef = 55B436B021797605005ABAA2 /* MiscTableBorder.h */; };
		55B4370421797608005ABAA2 /* MiscRowView.h in Headers */ = {isa = PBXBuildFile; fileRef = 55B436B121797605005ABAA2 /* MiscRowView.h */; };
		55B4370521797608005ABAA2 /* MiscDrawList.h in Headers */ = {isa = PBXBuildFile; fileRef = 55B436B221797605005ABAA2 /* MiscDrawList.h */; };
		55B4370621797608005ABAA2 /* MiscTableScrollKB.mm in Sources */ = {isa = PBXBuildFile; fileRef = 55B436B321797606005ABAA2 /* MiscTableScrollKB.mm */; };
		55B4370721797608005ABAA2 /* MiscHorzResizeCursor.tiff in Resources */ = {isa = PBXBuildFile; fileRef = 55B436B421797606005ABAA2 /* MiscHorzResizeCursor.tiff */; };
		55B4370821797608005ABAA2 /* MiscColorList.mm in Sources */ = {isa = PBXBuildFile; fileRef = 55B436B521797606005ABAA2 /* MiscColorList.mm */; };
		55B4370921797608005ABAA2 /* MiscTableBorderSel.mm in Sources */ = {isa = PBXBuildFile; fileRef = 55B436B621797606005ABAA2 /* MiscTableBorderSel.mm */; };
		55B4370A21797608005ABAA2 /* MiscLineWrapper.h in Headers */ = {isa = PBXBuildFile; fileRef = 55B436B721797606005ABAA2 /* MiscLineWrapper.h */; };
		55B4370B21797608005ABAA2 /* MiscTableWell.mm in Sources */ = {isa = PBXBuildFile; fileRef = 55B436B821797606005ABAA2 /* MiscTableWell.mm */; };
		55B4370C21797608005ABAA2 /* MiscExporterDBF.mm in Sources */ = {isa = PBXBuildFile; fileRef = 55B436B921797606005ABAA2 /* MiscExporterDBF.mm */; };
		55B4370D21797608005ABAA2 /* MiscSortDescend.tiff in Resources */ = {isa = PBXBuildFile; fileRef = 55B436BA21797606005ABAA2 /* MiscSortDescend.tiff */; };
		55B4370E21797608005ABAA2 /* MiscDelegateFlags.h in Headers */ = {isa = PBXBuildFile; fileRef = 55B436BB21797606005ABAA2 /* MiscDelegateFlags.h */; };
		55B4370F21797608005ABAA2 /* MiscListTracker.mm in Sources */ = {isa = PBXBuildFile; fileRef = 55B436BC21797606005ABAA2 /* MiscListTracker.mm */; };
		55B4371021797608005ABAA2 /* MiscTableView.h in Headers */ = {isa = PBXBuildFile; fileRef = 55B436BD21797606005ABAA2 /* MiscTableView.h */; };
		55B4371121797608005ABAA2 /* MiscTableBorderIO.mm in Sources */ = {isa = PBXBuildFile; fileRef = 55B436BE21797607005ABAA2 /* MiscTableBorderIO.mm */; };
		55B4371221797608005ABAA2 /* MiscRadioTracker.h in Headers */ = {isa = PBXBuildFile; fileRef = 55B436BF21797607005ABAA2 /* MiscRadioTracker.h */; };
		55B4371321797608005ABAA2 /* MiscColorList.h in Headers */ = {isa = PBXBuildFile; fileRef = 55B436C021797607005ABAA2 /* MiscColorList.h */; };
		55B4371421797608005ABAA2 /* MiscTableBorder.mm in Sources */ = {isa = PBXBuildFile; fileRef = 55B436C121797607005ABAA2 /* MiscTableBorder.mm */; };
		55B4371521797608005ABAA2 /* MiscTableTypes.h in Headers */ = {isa = PBXBuildFile; fileRef = 55B436C221797607005ABAA2 /* MiscTableTypes.h */; settings = {ATTRIBUTES = (Public, ); }; };
		55B4371621797608005ABAA2 /* MiscRectColorList.mm in Sources */ = {isa = PBXBuildFile; fileRef = 55B436C321797607005ABAA2 /* MiscRectColorList.mm */; };
		55B4371721797608005ABAA2 /* MiscReverseCursor.tiff in Resources */ = {isa = PBXBuildFile; fileRef = 55B436C421797607005ABAA2 /* MiscReverseCursor.tiff */; };
		55B4371821797609005ABAA2 /* MiscBorderView.mm in Sources */ = {isa = PBXBuildFile; fileRef = 55B436C521797607005ABAA2 /* MiscBorderView.mm */; };
		55B4371921797609005ABAA2 /* MiscBorderCell.mm in Sources */ = {isa = PBXBuildFile; fileRef = 55B436C621797607005ABAA2 /* MiscBorderCell.mm */; };
		55B4371A21797609005ABAA2 /* MiscTableCell.mm in Sources */ = {isa = PBXBuildFile; fileRef = 55B436C721797607005ABAA2 /* MiscTableCell.mm */; };
		55B4371B21797609005ABAA2 /* MiscTableScrollPrint.mm in Sources */ = {isa = PBXBuildFile; fileRef = 55B436C821797607005ABAA2 /* MiscTableScrollPrint.mm */; };
		55B4371C21797609005ABAA2 /* MiscExporter.mm in Sources */ = {isa = PBXBuildFile; fileRef = 55B436C921797607005ABAA2 /* MiscExporter.mm */; };
		55B4371D21797609005ABAA2 /* MiscTableViewDrag.mm in Sources */ = {isa = PBXBuildFile; fileRef = 55B436CA21797608005ABAA2 /* MiscTableViewDrag.mm */; };
		55B4371E21797609005ABAA2 /* MiscTracer.mm in Sources */ = {isa = PBXBuildFile; fileRef = 55B436CB21797608005ABAA2 /* MiscTracer.mm */; };
		55B4371F21797609005ABAA2 /* MiscDelegateFlags.mm in Sources */ = {isa = PBXBuildFile; fileRef = 55B436CC21797608005ABAA2 /* MiscDelegateFlags.mm */; };
		55B4372021797609005ABAA2 /* MiscSortAscend.tiff in Resources */ = {isa = PBXBuildFile; fileRef = 55B436CD21797608005ABAA2 /* MiscSortAscend.tiff */; };
		55B4372121797609005ABAA2 /* MiscTableWell.h in Headers */ = {isa = PBXBuildFile; fileRef = 55B436CE21797608005ABAA2 /* MiscTableWell.h */; };
		55B4372221797609005ABAA2 /* MiscBorderCell.h in Headers */ = {isa = PBXBuildFile; fileRef = 55B436CF21797608005ABAA2 /* MiscBorderCell.h */; };
		55B4372321797609005ABAA2 /* MiscVertResizeCursor.tiff in Resources */ = {isa = PBXBuildFile; fileRef = 55B436D021797608005ABAA2 /* MiscVertResizeCursor.tiff */; };
		55B4372421797609005ABAA2 /* MiscBorderView.h in Headers */ = {isa = PBXBuildFile; fileRef = 55B436D121797608005ABAA2 /* MiscBorderView.h */; };
		55B4372521797609005ABAA2 /* MiscTableViewPrint.mm in Sources */ = {isa = PBXBuildFile; fileRef = 55B436D221797608005ABAA2 /* MiscTableViewPrint.mm */; };
		55B4372721797A4F005ABAA2 /* NSNibConnector.h in Headers */ = {isa = PBXBuildFile; fileRef = 55B4372621797A4F005ABAA2 /* NSNibConnector.h */; };
		55B4372A2179AB7A005ABAA2 /* License.rtf in Resources */ = {isa = PBXBuildFile; fileRef = 55B437282179AB7A005ABAA2 /* License.rtf */; };
		55B4372B2179AB7A005ABAA2 /* License_Notes.rtf in Resources */ = {isa = PBXBuildFile; fileRef = 55B437292179AB7A005ABAA2 /* License_Notes.rtf */; };
		55B4372D2179ACAB005ABAA2 /* README.rtf in Resources */ = {isa = PBXBuildFile; fileRef = 55B4372C2179ACAB005ABAA2 /* README.rtf */; };
/* End PBXBuildFile section */

/* Begin PBXContainerItemProxy section */
		55B436732179756C005ABAA2 /* PBXContainerItemProxy */ = {
			isa = PBXContainerItemProxy;
			containerPortal = 552B1E69217924760062E4CC /* Project object */;
			proxyType = 1;
			remoteGlobalIDString = 55B4366D2179756C005ABAA2;
			remoteInfo = MiscTableScroll;
		};
/* End PBXContainerItemProxy section */

/* Begin PBXCopyFilesBuildPhase section */
		55B4367A2179756D005ABAA2 /* Embed Frameworks */ = {
			isa = PBXCopyFilesBuildPhase;
			buildActionMask = 2147483647;
			dstPath = "";
			dstSubfolderSpec = 10;
			files = (
				55B436762179756C005ABAA2 /* MiscTableScroll.framework in Embed Frameworks */,
			);
			name = "Embed Frameworks";
			runOnlyForDeploymentPostprocessing = 0;
		};
/* End PBXCopyFilesBuildPhase section */

/* Begin PBXFileReference section */
		552B1E71217924760062E4CC /* NeXTClue.app */ = {isa = PBXFileReference; explicitFileType = wrapper.application; includeInIndex = 0; path = NeXTClue.app; sourceTree = BUILT_PRODUCTS_DIR; };
		552B1E76217924780062E4CC /* Assets.xcassets */ = {isa = PBXFileReference; lastKnownFileType = folder.assetcatalog; path = Assets.xcassets; sourceTree = "<group>"; };
		552B1E7B217924780062E4CC /* Info.plist */ = {isa = PBXFileReference; lastKnownFileType = text.plist.xml; path = Info.plist; sourceTree = "<group>"; };
		552B1E7C217924780062E4CC /* NeXTClue.entitlements */ = {isa = PBXFileReference; lastKnownFileType = text.plist.entitlements; path = NeXTClue.entitlements; sourceTree = "<group>"; };
		552B1E86217925190062E4CC /* en */ = {isa = PBXFileReference; lastKnownFileType = folder; name = en; path = en.lproj/Help; sourceTree = "<group>"; };
		552B1E88217925700062E4CC /* ClueBoard.h */ = {isa = PBXFileReference; fileEncoding = 4; lastKnownFileType = sourcecode.c.h; path = ClueBoard.h; sourceTree = "<group>"; };
		552B1E89217925700062E4CC /* ClueRules.mm */ = {isa = PBXFileReference; fileEncoding = 4; lastKnownFileType = sourcecode.cpp.objcpp; path = ClueRules.mm; sourceTree = "<group>"; };
		552B1E8B217925700062E4CC /* ClueRandyMizer.h */ = {isa = PBXFileReference; fileEncoding = 4; lastKnownFileType = sourcecode.c.h; path = ClueRandyMizer.h; sourceTree = "<group>"; };
		552B1E8C217925700062E4CC /* ClueLoadNib.mm */ = {isa = PBXFileReference; fileEncoding = 4; lastKnownFileType = sourcecode.cpp.objcpp; path = ClueLoadNib.mm; sourceTree = "<group>"; };
		552B1E8E217925700062E4CC /* ClueInfo.h */ = {isa = PBXFileReference; fileEncoding = 4; lastKnownFileType = sourcecode.c.h; path = ClueInfo.h; sourceTree = "<group>"; };
		552B1E90217925700062E4CC /* ClueRandyMizer.mm */ = {isa = PBXFileReference; fileEncoding = 4; lastKnownFileType = sourcecode.cpp.objcpp; path = ClueRandyMizer.mm; sourceTree = "<group>"; };
		552B1E91217925700062E4CC /* ClueCondArray.h */ = {isa = PBXFileReference; fileEncoding = 4; lastKnownFileType = sourcecode.c.h; path = ClueCondArray.h; sourceTree = "<group>"; };
		552B1E92217925700062E4CC /* CluePlayer.h */ = {isa = PBXFileReference; fileEncoding = 4; lastKnownFileType = sourcecode.c.h; path = CluePlayer.h; sourceTree = "<group>"; };
		552B1E95217925710062E4CC /* ClueCondArray.cc */ = {isa = PBXFileReference; fileEncoding = 4; lastKnownFileType = sourcecode.cpp.cpp; path = ClueCondArray.cc; sourceTree = "<group>"; };
		552B1E96217925710062E4CC /* ClueCyBorg.mm */ = {isa = PBXFileReference; fileEncoding = 4; lastKnownFileType = sourcecode.cpp.objcpp; path = ClueCyBorg.mm; sourceTree = "<group>"; };
		552B1E97217925710062E4CC /* ClueDefs.mm */ = {isa = PBXFileReference; fileEncoding = 4; lastKnownFileType = sourcecode.cpp.objcpp; path = ClueDefs.mm; sourceTree = "<group>"; };
		552B1E98217925710062E4CC /* ClueDeeDucer.mm */ = {isa = PBXFileReference; fileEncoding = 4; lastKnownFileType = sourcecode.cpp.objcpp; path = ClueDeeDucer.mm; sourceTree = "<group>"; };
		552B1E99217925710062E4CC /* ClueComputer.h */ = {isa = PBXFileReference; fileEncoding = 4; lastKnownFileType = sourcecode.c.h; path = ClueComputer.h; sourceTree = "<group>"; };
		552B1E9A217925710062E4CC /* ClueHuman.mm */ = {isa = PBXFileReference; fileEncoding = 4; lastKnownFileType = sourcecode.cpp.objcpp; path = ClueHuman.mm; sourceTree = "<group>"; };
		552B1E9B217925710062E4CC /* ClueDeeDucer.h */ = {isa = PBXFileReference; fileEncoding = 4; lastKnownFileType = sourcecode.c.h; path = ClueDeeDucer.h; sourceTree = "<group>"; };
		552B1E9D217925720062E4CC /* ClueAnnaLyzer.mm */ = {isa = PBXFileReference; fileEncoding = 4; lastKnownFileType = sourcecode.cpp.objcpp; path = ClueAnnaLyzer.mm; sourceTree = "<group>"; };
		552B1E9F217925720062E4CC /* ClueMap.h */ = {isa = PBXFileReference; fileEncoding = 4; lastKnownFileType = sourcecode.c.h; path = ClueMap.h; sourceTree = "<group>"; };
		552B1EA1217925720062E4CC /* ClueCoordArray.h */ = {isa = PBXFileReference; fileEncoding = 4; lastKnownFileType = sourcecode.c.h; path = ClueCoordArray.h; sourceTree = "<group>"; };
		552B1EA2217925720062E4CC /* ClueRules.xib */ = {isa = PBXFileReference; lastKnownFileType = file.xib; path = ClueRules.xib; sourceTree = "<group>"; };
		552B1EA3217925720062E4CC /* ClueAnnaLyzer.h */ = {isa = PBXFileReference; fileEncoding = 4; lastKnownFileType = sourcecode.c.h; path = ClueAnnaLyzer.h; sourceTree = "<group>"; };
		552B1EA4217925720062E4CC /* ClueInfo.xib */ = {isa = PBXFileReference; lastKnownFileType = file.xib; path = ClueInfo.xib; sourceTree = "<group>"; };
		552B1EAA217925730062E4CC /* ClueDefs.h */ = {isa = PBXFileReference; fileEncoding = 4; lastKnownFileType = sourcecode.c.h; path = ClueDefs.h; sourceTree = "<group>"; };
		552B1EAC217925730062E4CC /* ClueSetup.mm */ = {isa = PBXFileReference; fileEncoding = 4; lastKnownFileType = sourcecode.cpp.objcpp; path = ClueSetup.mm; sourceTree = "<group>"; };
		552B1EAD217925740062E4CC /* ClueCyBorg.h */ = {isa = PBXFileReference; fileEncoding = 4; lastKnownFileType = sourcecode.c.h; path = ClueCyBorg.h; sourceTree = "<group>"; };
		552B1EB1217925740062E4CC /* ClueLoadNib.h */ = {isa = PBXFileReference; fileEncoding = 4; lastKnownFileType = sourcecode.c.h; path = ClueLoadNib.h; sourceTree = "<group>"; };
		552B1EB3217925740062E4CC /* ClueRules.h */ = {isa = PBXFileReference; fileEncoding = 4; lastKnownFileType = sourcecode.c.h; path = ClueRules.h; sourceTree = "<group>"; };
		552B1EB4217925740062E4CC /* ClueBoardView.mm */ = {isa = PBXFileReference; fileEncoding = 4; lastKnownFileType = sourcecode.cpp.objcpp; path = ClueBoardView.mm; sourceTree = "<group>"; };
		552B1EB7217925750062E4CC /* ClueMessages.mm */ = {isa = PBXFileReference; fileEncoding = 4; lastKnownFileType = sourcecode.cpp.objcpp; path = ClueMessages.mm; sourceTree = "<group>"; };
		552B1EB8217925750062E4CC /* ClueBoard.mm */ = {isa = PBXFileReference; fileEncoding = 4; lastKnownFileType = sourcecode.cpp.objcpp; path = ClueBoard.mm; sourceTree = "<group>"; };
		552B1EB9217925750062E4CC /* ClueBeaGinner.mm */ = {isa = PBXFileReference; fileEncoding = 4; lastKnownFileType = sourcecode.cpp.objcpp; path = ClueBeaGinner.mm; sourceTree = "<group>"; };
		552B1EBA217925750062E4CC /* ClueCardPicker.h */ = {isa = PBXFileReference; fileEncoding = 4; lastKnownFileType = sourcecode.c.h; path = ClueCardPicker.h; sourceTree = "<group>"; };
		552B1EBB217925750062E4CC /* ClueTrace.h */ = {isa = PBXFileReference; fileEncoding = 4; lastKnownFileType = sourcecode.c.h; path = ClueTrace.h; sourceTree = "<group>"; };
		552B1EBC217925750062E4CC /* ClueBoard.xib */ = {isa = PBXFileReference; lastKnownFileType = file.xib; path = ClueBoard.xib; sourceTree = "<group>"; };
		552B1EBD217925750062E4CC /* ClueMgr.h */ = {isa = PBXFileReference; fileEncoding = 4; lastKnownFileType = sourcecode.c.h; path = ClueMgr.h; sourceTree = "<group>"; };
		552B1EBF217925750062E4CC /* ClueHuman.h */ = {isa = PBXFileReference; fileEncoding = 4; lastKnownFileType = sourcecode.c.h; path = ClueHuman.h; sourceTree = "<group>"; };
		552B1EC0217925760062E4CC /* ClueCoordArray.cc */ = {isa = PBXFileReference; fileEncoding = 4; lastKnownFileType = sourcecode.cpp.cpp; path = ClueCoordArray.cc; sourceTree = "<group>"; };
		552B1EC1217925760062E4CC /* Clue.xib */ = {isa = PBXFileReference; lastKnownFileType = file.xib; path = Clue.xib; sourceTree = "<group>"; };
		552B1EC2217925760062E4CC /* ClueMessages.xib */ = {isa = PBXFileReference; lastKnownFileType = file.xib; path = ClueMessages.xib; sourceTree = "<group>"; };
		552B1EC3217925760062E4CC /* ClueMgr.mm */ = {isa = PBXFileReference; fileEncoding = 4; lastKnownFileType = sourcecode.cpp.objcpp; path = ClueMgr.mm; sourceTree = "<group>"; };
		552B1EC4217925760062E4CC /* ClueUpdateStack.cc */ = {isa = PBXFileReference; fileEncoding = 4; lastKnownFileType = sourcecode.cpp.cpp; path = ClueUpdateStack.cc; sourceTree = "<group>"; };
		552B1EC5217925760062E4CC /* ClueMessages.h */ = {isa = PBXFileReference; fileEncoding = 4; lastKnownFileType = sourcecode.c.h; path = ClueMessages.h; sourceTree = "<group>"; };
		552B1EC7217925760062E4CC /* ClueHuman.nib */ = {isa = PBXFileReference; lastKnownFileType = wrapper.nib; path = ClueHuman.nib; sourceTree = "<group>"; };
		552B1EC8217925760062E4CC /* ClueComputer.mm */ = {isa = PBXFileReference; fileEncoding = 4; lastKnownFileType = sourcecode.cpp.objcpp; path = ClueComputer.mm; sourceTree = "<group>"; };
		552B1EC9217925770062E4CC /* ClueMap.cc */ = {isa = PBXFileReference; fileEncoding = 4; lastKnownFileType = sourcecode.cpp.cpp; path = ClueMap.cc; sourceTree = "<group>"; };
		552B1ECA217925770062E4CC /* ClueSetup.xib */ = {isa = PBXFileReference; fileEncoding = 4; lastKnownFileType = file.xib; path = ClueSetup.xib; sourceTree = "<group>"; };
		552B1ECB217925770062E4CC /* HISTORY.txt */ = {isa = PBXFileReference; fileEncoding = 4; lastKnownFileType = text; path = HISTORY.txt; sourceTree = "<group>"; };
		552B1ECC217925770062E4CC /* ClueBoardView.h */ = {isa = PBXFileReference; fileEncoding = 4; lastKnownFileType = sourcecode.c.h; path = ClueBoardView.h; sourceTree = "<group>"; };
		552B1ECD217925770062E4CC /* ClueSetup.h */ = {isa = PBXFileReference; fileEncoding = 4; lastKnownFileType = sourcecode.c.h; path = ClueSetup.h; sourceTree = "<group>"; };
		552B1ECF217925770062E4CC /* ClueCyLent.h */ = {isa = PBXFileReference; fileEncoding = 4; lastKnownFileType = sourcecode.c.h; path = ClueCyLent.h; sourceTree = "<group>"; };
		552B1ED0217925770062E4CC /* Clue_main.m */ = {isa = PBXFileReference; fileEncoding = 4; lastKnownFileType = sourcecode.c.objc; path = Clue_main.m; sourceTree = "<group>"; };
		552B1ED6217925780062E4CC /* ClueCyLent.mm */ = {isa = PBXFileReference; fileEncoding = 4; lastKnownFileType = sourcecode.cpp.objcpp; path = ClueCyLent.mm; sourceTree = "<group>"; };
		552B1ED7217925780062E4CC /* ClueInfo.mm */ = {isa = PBXFileReference; fileEncoding = 4; lastKnownFileType = sourcecode.cpp.objcpp; path = ClueInfo.mm; sourceTree = "<group>"; };
		552B1ED8217925780062E4CC /* ClueCardPicker.cc */ = {isa = PBXFileReference; fileEncoding = 4; lastKnownFileType = sourcecode.cpp.cpp; path = ClueCardPicker.cc; sourceTree = "<group>"; };
		552B1EDA217925780062E4CC /* ClueBeaGinner.h */ = {isa = PBXFileReference; fileEncoding = 4; lastKnownFileType = sourcecode.c.h; path = ClueBeaGinner.h; sourceTree = "<group>"; };
		552B1EDB217925780062E4CC /* ClueTrace.mm */ = {isa = PBXFileReference; fileEncoding = 4; lastKnownFileType = sourcecode.cpp.objcpp; path = ClueTrace.mm; sourceTree = "<group>"; };
		552B1EDC217925790062E4CC /* PACKAGE_NUMBER */ = {isa = PBXFileReference; fileEncoding = 4; lastKnownFileType = text; path = PACKAGE_NUMBER; sourceTree = "<group>"; };
		552B1EDF217925790062E4CC /* ClueUpdateStack.h */ = {isa = PBXFileReference; fileEncoding = 4; lastKnownFileType = sourcecode.c.h; path = ClueUpdateStack.h; sourceTree = "<group>"; };
		552B1EE0217925790062E4CC /* ClueRules.rtfd */ = {isa = PBXFileReference; lastKnownFileType = wrapper.rtfd; path = ClueRules.rtfd; sourceTree = "<group>"; };
		552B1EE1217925790062E4CC /* CluePlayer.mm */ = {isa = PBXFileReference; fileEncoding = 4; lastKnownFileType = sourcecode.cpp.objcpp; path = CluePlayer.mm; sourceTree = "<group>"; };
		552B1F24217934650062E4CC /* RELEASE_NUMBER */ = {isa = PBXFileReference; fileEncoding = 4; lastKnownFileType = text; path = RELEASE_NUMBER; sourceTree = "<group>"; };
		55B4366E2179756C005ABAA2 /* MiscTableScroll.framework */ = {isa = PBXFileReference; explicitFileType = wrapper.framework; includeInIndex = 0; path = MiscTableScroll.framework; sourceTree = BUILT_PRODUCTS_DIR; };
		55B436712179756C005ABAA2 /* Info.plist */ = {isa = PBXFileReference; lastKnownFileType = text.plist.xml; path = Info.plist; sourceTree = "<group>"; };
		55B4367E217975AF005ABAA2 /* en */ = {isa = PBXFileReference; lastKnownFileType = wrapper.nib; name = en; path = en.lproj/MiscExporterAccessoryView.nib; sourceTree = "<group>"; };
		55B4368021797601005ABAA2 /* MiscTableScrollData.mm */ = {isa = PBXFileReference; fileEncoding = 4; lastKnownFileType = sourcecode.cpp.objcpp; path = MiscTableScrollData.mm; sourceTree = "<group>"; };
		55B4368121797601005ABAA2 /* MiscRectList.mm */ = {isa = PBXFileReference; fileEncoding = 4; lastKnownFileType = sourcecode.cpp.objcpp; path = MiscRectList.mm; sourceTree = "<group>"; };
		55B4368221797601005ABAA2 /* MiscTableScroll.mm */ = {isa = PBXFileReference; fileEncoding = 4; lastKnownFileType = sourcecode.cpp.objcpp; path = MiscTableScroll.mm; sourceTree = "<group>"; };
		55B4368321797601005ABAA2 /* MiscExporter.h */ = {isa = PBXFileReference; fileEncoding = 4; lastKnownFileType = sourcecode.c.h; path = MiscExporter.h; sourceTree = "<group>"; };
		55B4368421797601005ABAA2 /* MiscTableViewPrivate.h */ = {isa = PBXFileReference; fileEncoding = 4; lastKnownFileType = sourcecode.c.h; path = MiscTableViewPrivate.h; sourceTree = "<group>"; };
		55B4368521797601005ABAA2 /* MiscTableViewPS.psw */ = {isa = PBXFileReference; fileEncoding = 4; lastKnownFileType = text; path = MiscTableViewPS.psw; sourceTree = "<group>"; };
		55B4368621797601005ABAA2 /* MiscTableScrollISearch.mm */ = {isa = PBXFileReference; fileEncoding = 4; lastKnownFileType = sourcecode.cpp.objcpp; path = MiscTableScrollISearch.mm; sourceTree = "<group>"; };
		55B4368721797601005ABAA2 /* MiscTableConnector.h */ = {isa = PBXFileReference; fileEncoding = 4; lastKnownFileType = sourcecode.c.h; path = MiscTableConnector.h; sourceTree = "<group>"; };
		55B4368821797602005ABAA2 /* MiscListTracker.h */ = {isa = PBXFileReference; fileEncoding = 4; lastKnownFileType = sourcecode.c.h; path = MiscListTracker.h; sourceTree = "<group>"; };
		55B4368921797602005ABAA2 /* MiscTableScrollPrivate.h */ = {isa = PBXFileReference; fileEncoding = 4; lastKnownFileType = sourcecode.c.h; path = MiscTableScrollPrivate.h; sourceTree = "<group>"; };
		55B4368A21797602005ABAA2 /* MiscTableScrollIO.mm */ = {isa = PBXFileReference; fileEncoding = 4; lastKnownFileType = sourcecode.cpp.objcpp; path = MiscTableScrollIO.mm; sourceTree = "<group>"; };
		55B4368B21797602005ABAA2 /* MiscExporterPrivate.h */ = {isa = PBXFileReference; fileEncoding = 4; lastKnownFileType = sourcecode.c.h; path = MiscExporterPrivate.h; sourceTree = "<group>"; };
		55B4368C21797602005ABAA2 /* MiscMouseTracker.mm */ = {isa = PBXFileReference; fileEncoding = 4; lastKnownFileType = sourcecode.cpp.objcpp; path = MiscMouseTracker.mm; sourceTree = "<group>"; };
		55B4368D21797602005ABAA2 /* MiscSlotDragCursor.tiff */ = {isa = PBXFileReference; lastKnownFileType = image.tiff; path = MiscSlotDragCursor.tiff; sourceTree = "<group>"; };
		55B4368E21797602005ABAA2 /* MiscGeometry.h */ = {isa = PBXFileReference; fileEncoding = 4; lastKnownFileType = sourcecode.c.h; path = MiscGeometry.h; sourceTree = "<group>"; };
		55B4368F21797602005ABAA2 /* MiscRectColorList.h */ = {isa = PBXFileReference; fileEncoding = 4; lastKnownFileType = sourcecode.c.h; path = MiscRectColorList.h; sourceTree = "<group>"; };
		55B4369021797602005ABAA2 /* MiscExporterAccessoryView.mm */ = {isa = PBXFileReference; fileEncoding = 4; lastKnownFileType = sourcecode.cpp.objcpp; path = MiscExporterAccessoryView.mm; sourceTree = "<group>"; };
		55B4369121797602005ABAA2 /* MiscTableScroll.h */ = {isa = PBXFileReference; fileEncoding = 4; lastKnownFileType = sourcecode.c.h; path = MiscTableScroll.h; sourceTree = "<group>"; };
		55B4369221797602005ABAA2 /* MiscTableCell.h */ = {isa = PBXFileReference; fileEncoding = 4; lastKnownFileType = sourcecode.c.h; path = MiscTableCell.h; sourceTree = "<group>"; };
		55B4369321797602005ABAA2 /* MiscCornerView.mm */ = {isa = PBXFileReference; fileEncoding = 4; lastKnownFileType = sourcecode.cpp.objcpp; path = MiscCornerView.mm; sourceTree = "<group>"; };
		55B4369421797602005ABAA2 /* MiscExporterASCII.mm */ = {isa = PBXFileReference; fileEncoding = 4; lastKnownFileType = sourcecode.cpp.objcpp; path = MiscExporterASCII.mm; sourceTree = "<group>"; };
		55B4369521797602005ABAA2 /* MiscSortAscendH.tiff */ = {isa = PBXFileReference; lastKnownFileType = image.tiff; path = MiscSortAscendH.tiff; sourceTree = "<group>"; };
		55B4369621797603005ABAA2 /* MiscRowView.mm */ = {isa = PBXFileReference; fileEncoding = 4; lastKnownFileType = sourcecode.cpp.objcpp; path = MiscRowView.mm; sourceTree = "<group>"; };
		55B4369721797603005ABAA2 /* MiscHighlightTracker.mm */ = {isa = PBXFileReference; fileEncoding = 4; lastKnownFileType = sourcecode.cpp.objcpp; path = MiscHighlightTracker.mm; sourceTree = "<group>"; };
		55B4369821797603005ABAA2 /* MiscGeometry.mm */ = {isa = PBXFileReference; fileEncoding = 4; lastKnownFileType = sourcecode.cpp.objcpp; path = MiscGeometry.mm; sourceTree = "<group>"; };
		55B4369921797603005ABAA2 /* MiscTableConnector.mm */ = {isa = PBXFileReference; fileEncoding = 4; lastKnownFileType = sourcecode.cpp.objcpp; path = MiscTableConnector.mm; sourceTree = "<group>"; };
		55B4369A21797603005ABAA2 /* MiscColView.mm */ = {isa = PBXFileReference; fileEncoding = 4; lastKnownFileType = sourcecode.cpp.objcpp; path = MiscColView.mm; sourceTree = "<group>"; };
		55B4369B21797603005ABAA2 /* MiscLineWrapper.mm */ = {isa = PBXFileReference; fileEncoding = 4; lastKnownFileType = sourcecode.cpp.objcpp; path = MiscLineWrapper.mm; sourceTree = "<group>"; };
		55B4369C21797603005ABAA2 /* MiscTableScrollSort.mm */ = {isa = PBXFileReference; fileEncoding = 4; lastKnownFileType = sourcecode.cpp.objcpp; path = MiscTableScrollSort.mm; sourceTree = "<group>"; };
		55B4369D21797603005ABAA2 /* MiscTableScrollSymbols.mm */ = {isa = PBXFileReference; fileEncoding = 4; lastKnownFileType = sourcecode.cpp.objcpp; path = MiscTableScrollSymbols.mm; sourceTree = "<group>"; };
		55B4369E21797603005ABAA2 /* MiscSparseSet.cc */ = {isa = PBXFileReference; fileEncoding = 4; lastKnownFileType = sourcecode.cpp.cpp; path = MiscSparseSet.cc; sourceTree = "<group>"; };
		55B4369F21797603005ABAA2 /* MiscTableScrollSel.mm */ = {isa = PBXFileReference; fileEncoding = 4; lastKnownFileType = sourcecode.cpp.objcpp; path = MiscTableScrollSel.mm; sourceTree = "<group>"; };
		55B436A021797604005ABAA2 /* MiscTableUtil.h */ = {isa = PBXFileReference; fileEncoding = 4; lastKnownFileType = sourcecode.c.h; path = MiscTableUtil.h; sourceTree = "<group>"; };
		55B436A121797604005ABAA2 /* MiscTableViewCursor.mm */ = {isa = PBXFileReference; fileEncoding = 4; lastKnownFileType = sourcecode.cpp.objcpp; path = MiscTableViewCursor.mm; sourceTree = "<group>"; };
		55B436A221797604005ABAA2 /* MiscTracer.h */ = {isa = PBXFileReference; fileEncoding = 4; lastKnownFileType = sourcecode.c.h; path = MiscTracer.h; sourceTree = "<group>"; };
		55B436A321797604005ABAA2 /* MiscSparseSet.h */ = {isa = PBXFileReference; fileEncoding = 4; lastKnownFileType = sourcecode.c.h; path = MiscSparseSet.h; sourceTree = "<group>"; };
		55B436A421797604005ABAA2 /* MiscTableView.mm */ = {isa = PBXFileReference; fileEncoding = 4; lastKnownFileType = sourcecode.cpp.objcpp; path = MiscTableView.mm; sourceTree = "<group>"; };
		55B436A521797604005ABAA2 /* MiscCornerView.h */ = {isa = PBXFileReference; fileEncoding = 4; lastKnownFileType = sourcecode.c.h; path = MiscCornerView.h; sourceTree = "<group>"; };
		55B436A621797604005ABAA2 /* MiscSortDescendH.tiff */ = {isa = PBXFileReference; lastKnownFileType = image.tiff; path = MiscSortDescendH.tiff; sourceTree = "<group>"; };
		55B436A721797604005ABAA2 /* MiscRectList.h */ = {isa = PBXFileReference; fileEncoding = 4; lastKnownFileType = sourcecode.c.h; path = MiscRectList.h; sourceTree = "<group>"; };
		55B436A821797604005ABAA2 /* MiscDrawList.mm */ = {isa = PBXFileReference; fileEncoding = 4; lastKnownFileType = sourcecode.cpp.objcpp; path = MiscDrawList.mm; sourceTree = "<group>"; };
		55B436A921797605005ABAA2 /* MiscTableScrollPB.mm */ = {isa = PBXFileReference; fileEncoding = 4; lastKnownFileType = sourcecode.cpp.objcpp; path = MiscTableScrollPB.mm; sourceTree = "<group>"; };
		55B436AA21797605005ABAA2 /* MiscMouseTracker.h */ = {isa = PBXFileReference; fileEncoding = 4; lastKnownFileType = sourcecode.c.h; path = MiscMouseTracker.h; sourceTree = "<group>"; };
		55B436AB21797605005ABAA2 /* MiscHighlightTracker.h */ = {isa = PBXFileReference; fileEncoding = 4; lastKnownFileType = sourcecode.c.h; path = MiscHighlightTracker.h; sourceTree = "<group>"; };
		55B436AC21797605005ABAA2 /* MiscColView.h */ = {isa = PBXFileReference; fileEncoding = 4; lastKnownFileType = sourcecode.c.h; path = MiscColView.h; sourceTree = "<group>"; };
		55B436AD21797605005ABAA2 /* MiscRadioTracker.mm */ = {isa = PBXFileReference; fileEncoding = 4; lastKnownFileType = sourcecode.cpp.objcpp; path = MiscRadioTracker.mm; sourceTree = "<group>"; };
		55B436AE21797605005ABAA2 /* MiscExporterAccessoryView.h */ = {isa = PBXFileReference; fileEncoding = 4; lastKnownFileType = sourcecode.c.h; path = MiscExporterAccessoryView.h; sourceTree = "<group>"; };
		55B436AF21797605005ABAA2 /* MiscTableScrollEdit.mm */ = {isa = PBXFileReference; fileEncoding = 4; lastKnownFileType = sourcecode.cpp.objcpp; path = MiscTableScrollEdit.mm; sourceTree = "<group>"; };
		55B436B021797605005ABAA2 /* MiscTableBorder.h */ = {isa = PBXFileReference; fileEncoding = 4; lastKnownFileType = sourcecode.c.h; path = MiscTableBorder.h; sourceTree = "<group>"; };
		55B436B121797605005ABAA2 /* MiscRowView.h */ = {isa = PBXFileReference; fileEncoding = 4; lastKnownFileType = sourcecode.c.h; path = MiscRowView.h; sourceTree = "<group>"; };
		55B436B221797605005ABAA2 /* MiscDrawList.h */ = {isa = PBXFileReference; fileEncoding = 4; lastKnownFileType = sourcecode.c.h; path = MiscDrawList.h; sourceTree = "<group>"; };
		55B436B321797606005ABAA2 /* MiscTableScrollKB.mm */ = {isa = PBXFileReference; fileEncoding = 4; lastKnownFileType = sourcecode.cpp.objcpp; path = MiscTableScrollKB.mm; sourceTree = "<group>"; };
		55B436B421797606005ABAA2 /* MiscHorzResizeCursor.tiff */ = {isa = PBXFileReference; lastKnownFileType = image.tiff; path = MiscHorzResizeCursor.tiff; sourceTree = "<group>"; };
		55B436B521797606005ABAA2 /* MiscColorList.mm */ = {isa = PBXFileReference; fileEncoding = 4; lastKnownFileType = sourcecode.cpp.objcpp; path = MiscColorList.mm; sourceTree = "<group>"; };
		55B436B621797606005ABAA2 /* MiscTableBorderSel.mm */ = {isa = PBXFileReference; fileEncoding = 4; lastKnownFileType = sourcecode.cpp.objcpp; path = MiscTableBorderSel.mm; sourceTree = "<group>"; };
		55B436B721797606005ABAA2 /* MiscLineWrapper.h */ = {isa = PBXFileReference; fileEncoding = 4; lastKnownFileType = sourcecode.c.h; path = MiscLineWrapper.h; sourceTree = "<group>"; };
		55B436B821797606005ABAA2 /* MiscTableWell.mm */ = {isa = PBXFileReference; fileEncoding = 4; lastKnownFileType = sourcecode.cpp.objcpp; path = MiscTableWell.mm; sourceTree = "<group>"; };
		55B436B921797606005ABAA2 /* MiscExporterDBF.mm */ = {isa = PBXFileReference; fileEncoding = 4; lastKnownFileType = sourcecode.cpp.objcpp; path = MiscExporterDBF.mm; sourceTree = "<group>"; };
		55B436BA21797606005ABAA2 /* MiscSortDescend.tiff */ = {isa = PBXFileReference; lastKnownFileType = image.tiff; path = MiscSortDescend.tiff; sourceTree = "<group>"; };
		55B436BB21797606005ABAA2 /* MiscDelegateFlags.h */ = {isa = PBXFileReference; fileEncoding = 4; lastKnownFileType = sourcecode.c.h; path = MiscDelegateFlags.h; sourceTree = "<group>"; };
		55B436BC21797606005ABAA2 /* MiscListTracker.mm */ = {isa = PBXFileReference; fileEncoding = 4; lastKnownFileType = sourcecode.cpp.objcpp; path = MiscListTracker.mm; sourceTree = "<group>"; };
		55B436BD21797606005ABAA2 /* MiscTableView.h */ = {isa = PBXFileReference; fileEncoding = 4; lastKnownFileType = sourcecode.c.h; path = MiscTableView.h; sourceTree = "<group>"; };
		55B436BE21797607005ABAA2 /* MiscTableBorderIO.mm */ = {isa = PBXFileReference; fileEncoding = 4; lastKnownFileType = sourcecode.cpp.objcpp; path = MiscTableBorderIO.mm; sourceTree = "<group>"; };
		55B436BF21797607005ABAA2 /* MiscRadioTracker.h */ = {isa = PBXFileReference; fileEncoding = 4; lastKnownFileType = sourcecode.c.h; path = MiscRadioTracker.h; sourceTree = "<group>"; };
		55B436C021797607005ABAA2 /* MiscColorList.h */ = {isa = PBXFileReference; fileEncoding = 4; lastKnownFileType = sourcecode.c.h; path = MiscColorList.h; sourceTree = "<group>"; };
		55B436C121797607005ABAA2 /* MiscTableBorder.mm */ = {isa = PBXFileReference; fileEncoding = 4; lastKnownFileType = sourcecode.cpp.objcpp; path = MiscTableBorder.mm; sourceTree = "<group>"; };
		55B436C221797607005ABAA2 /* MiscTableTypes.h */ = {isa = PBXFileReference; fileEncoding = 4; lastKnownFileType = sourcecode.c.h; path = MiscTableTypes.h; sourceTree = "<group>"; };
		55B436C321797607005ABAA2 /* MiscRectColorList.mm */ = {isa = PBXFileReference; fileEncoding = 4; lastKnownFileType = sourcecode.cpp.objcpp; path = MiscRectColorList.mm; sourceTree = "<group>"; };
		55B436C421797607005ABAA2 /* MiscReverseCursor.tiff */ = {isa = PBXFileReference; lastKnownFileType = image.tiff; path = MiscReverseCursor.tiff; sourceTree = "<group>"; };
		55B436C521797607005ABAA2 /* MiscBorderView.mm */ = {isa = PBXFileReference; fileEncoding = 4; lastKnownFileType = sourcecode.cpp.objcpp; path = MiscBorderView.mm; sourceTree = "<group>"; };
		55B436C621797607005ABAA2 /* MiscBorderCell.mm */ = {isa = PBXFileReference; fileEncoding = 4; lastKnownFileType = sourcecode.cpp.objcpp; path = MiscBorderCell.mm; sourceTree = "<group>"; };
		55B436C721797607005ABAA2 /* MiscTableCell.mm */ = {isa = PBXFileReference; fileEncoding = 4; lastKnownFileType = sourcecode.cpp.objcpp; path = MiscTableCell.mm; sourceTree = "<group>"; };
		55B436C821797607005ABAA2 /* MiscTableScrollPrint.mm */ = {isa = PBXFileReference; fileEncoding = 4; lastKnownFileType = sourcecode.cpp.objcpp; path = MiscTableScrollPrint.mm; sourceTree = "<group>"; };
		55B436C921797607005ABAA2 /* MiscExporter.mm */ = {isa = PBXFileReference; fileEncoding = 4; lastKnownFileType = sourcecode.cpp.objcpp; path = MiscExporter.mm; sourceTree = "<group>"; };
		55B436CA21797608005ABAA2 /* MiscTableViewDrag.mm */ = {isa = PBXFileReference; fileEncoding = 4; lastKnownFileType = sourcecode.cpp.objcpp; path = MiscTableViewDrag.mm; sourceTree = "<group>"; };
		55B436CB21797608005ABAA2 /* MiscTracer.mm */ = {isa = PBXFileReference; fileEncoding = 4; lastKnownFileType = sourcecode.cpp.objcpp; path = MiscTracer.mm; sourceTree = "<group>"; };
		55B436CC21797608005ABAA2 /* MiscDelegateFlags.mm */ = {isa = PBXFileReference; fileEncoding = 4; lastKnownFileType = sourcecode.cpp.objcpp; path = MiscDelegateFlags.mm; sourceTree = "<group>"; };
		55B436CD21797608005ABAA2 /* MiscSortAscend.tiff */ = {isa = PBXFileReference; lastKnownFileType = image.tiff; path = MiscSortAscend.tiff; sourceTree = "<group>"; };
		55B436CE21797608005ABAA2 /* MiscTableWell.h */ = {isa = PBXFileReference; fileEncoding = 4; lastKnownFileType = sourcecode.c.h; path = MiscTableWell.h; sourceTree = "<group>"; };
		55B436CF21797608005ABAA2 /* MiscBorderCell.h */ = {isa = PBXFileReference; fileEncoding = 4; lastKnownFileType = sourcecode.c.h; path = MiscBorderCell.h; sourceTree = "<group>"; };
		55B436D021797608005ABAA2 /* MiscVertResizeCursor.tiff */ = {isa = PBXFileReference; lastKnownFileType = image.tiff; path = MiscVertResizeCursor.tiff; sourceTree = "<group>"; };
		55B436D121797608005ABAA2 /* MiscBorderView.h */ = {isa = PBXFileReference; fileEncoding = 4; lastKnownFileType = sourcecode.c.h; path = MiscBorderView.h; sourceTree = "<group>"; };
		55B436D221797608005ABAA2 /* MiscTableViewPrint.mm */ = {isa = PBXFileReference; fileEncoding = 4; lastKnownFileType = sourcecode.cpp.objcpp; path = MiscTableViewPrint.mm; sourceTree = "<group>"; };
		55B4372621797A4F005ABAA2 /* NSNibConnector.h */ = {isa = PBXFileReference; fileEncoding = 4; lastKnownFileType = sourcecode.c.h; path = NSNibConnector.h; sourceTree = "<group>"; };
		55B437282179AB7A005ABAA2 /* License.rtf */ = {isa = PBXFileReference; fileEncoding = 4; lastKnownFileType = text.rtf; path = License.rtf; sourceTree = "<group>"; };
		55B437292179AB7A005ABAA2 /* License_Notes.rtf */ = {isa = PBXFileReference; fileEncoding = 4; lastKnownFileType = text.rtf; path = License_Notes.rtf; sourceTree = "<group>"; };
		55B4372C2179ACAB005ABAA2 /* README.rtf */ = {isa = PBXFileReference; fileEncoding = 4; lastKnownFileType = text.rtf; path = README.rtf; sourceTree = "<group>"; };
/* End PBXFileReference section */

/* Begin PBXFrameworksBuildPhase section */
		552B1E6E217924760062E4CC /* Frameworks */ = {
			isa = PBXFrameworksBuildPhase;
			buildActionMask = 2147483647;
			files = (
				55B436752179756C005ABAA2 /* MiscTableScroll.framework in Frameworks */,
			);
			runOnlyForDeploymentPostprocessing = 0;
		};
		55B4366B2179756C005ABAA2 /* Frameworks */ = {
			isa = PBXFrameworksBuildPhase;
			buildActionMask = 2147483647;
			files = (
			);
			runOnlyForDeploymentPostprocessing = 0;
		};
/* End PBXFrameworksBuildPhase section */

/* Begin PBXGroup section */
		552B1E68217924760062E4CC = {
			isa = PBXGroup;
			children = (
				552B1E73217924760062E4CC /* NeXTClue */,
				55B4366F2179756C005ABAA2 /* MiscTableScroll */,
				552B1E72217924760062E4CC /* Products */,
			);
			sourceTree = "<group>";
		};
		552B1E72217924760062E4CC /* Products */ = {
			isa = PBXGroup;
			children = (
				552B1E71217924760062E4CC /* NeXTClue.app */,
				55B4366E2179756C005ABAA2 /* MiscTableScroll.framework */,
			);
			name = Products;
			sourceTree = "<group>";
		};
		552B1E73217924760062E4CC /* NeXTClue */ = {
			isa = PBXGroup;
			children = (
				55B4366821795233005ABAA2 /* AIs */,
				552B1ED0217925770062E4CC /* Clue_main.m */,
				552B1EC1217925760062E4CC /* Clue.xib */,
				552B1E88217925700062E4CC /* ClueBoard.h */,
				552B1EB8217925750062E4CC /* ClueBoard.mm */,
				552B1EBC217925750062E4CC /* ClueBoard.xib */,
				552B1ECC217925770062E4CC /* ClueBoardView.h */,
				552B1EB4217925740062E4CC /* ClueBoardView.mm */,
				552B1ED8217925780062E4CC /* ClueCardPicker.cc */,
				552B1EBA217925750062E4CC /* ClueCardPicker.h */,
				552B1E95217925710062E4CC /* ClueCondArray.cc */,
				552B1E91217925700062E4CC /* ClueCondArray.h */,
				552B1EC0217925760062E4CC /* ClueCoordArray.cc */,
				552B1EA1217925720062E4CC /* ClueCoordArray.h */,
				552B1EAA217925730062E4CC /* ClueDefs.h */,
				552B1E97217925710062E4CC /* ClueDefs.mm */,
				552B1EBF217925750062E4CC /* ClueHuman.h */,
				552B1E9A217925710062E4CC /* ClueHuman.mm */,
				552B1EC7217925760062E4CC /* ClueHuman.nib */,
				552B1E8E217925700062E4CC /* ClueInfo.h */,
				552B1ED7217925780062E4CC /* ClueInfo.mm */,
				552B1EA4217925720062E4CC /* ClueInfo.xib */,
				552B1EB1217925740062E4CC /* ClueLoadNib.h */,
				552B1E8C217925700062E4CC /* ClueLoadNib.mm */,
				552B1EC9217925770062E4CC /* ClueMap.cc */,
				552B1E9F217925720062E4CC /* ClueMap.h */,
				552B1EC5217925760062E4CC /* ClueMessages.h */,
				552B1EB7217925750062E4CC /* ClueMessages.mm */,
				552B1EC2217925760062E4CC /* ClueMessages.xib */,
				552B1EBD217925750062E4CC /* ClueMgr.h */,
				552B1EC3217925760062E4CC /* ClueMgr.mm */,
				552B1E92217925700062E4CC /* CluePlayer.h */,
				552B1EE1217925790062E4CC /* CluePlayer.mm */,
				552B1EB3217925740062E4CC /* ClueRules.h */,
				552B1E89217925700062E4CC /* ClueRules.mm */,
				552B1EA2217925720062E4CC /* ClueRules.xib */,
				552B1EE0217925790062E4CC /* ClueRules.rtfd */,
				552B1ECD217925770062E4CC /* ClueSetup.h */,
				552B1EAC217925730062E4CC /* ClueSetup.mm */,
				552B1ECA217925770062E4CC /* ClueSetup.xib */,
				552B1EBB217925750062E4CC /* ClueTrace.h */,
				552B1EDB217925780062E4CC /* ClueTrace.mm */,
				552B1EC4217925760062E4CC /* ClueUpdateStack.cc */,
				552B1EDF217925790062E4CC /* ClueUpdateStack.h */,
				552B1ECB217925770062E4CC /* HISTORY.txt */,
				552B1EDC217925790062E4CC /* PACKAGE_NUMBER */,
				552B1F24217934650062E4CC /* RELEASE_NUMBER */,
				552B1E85217925190062E4CC /* Help */,
				552B1E76217924780062E4CC /* Assets.xcassets */,
				552B1E7B217924780062E4CC /* Info.plist */,
				552B1E7C217924780062E4CC /* NeXTClue.entitlements */,
			);
			name = NeXTClue;
			sourceTree = "<group>";
			usesTabs = 0;
		};
		55B4366821795233005ABAA2 /* AIs */ = {
			isa = PBXGroup;
			children = (
				552B1E99217925710062E4CC /* ClueComputer.h */,
				552B1EC8217925760062E4CC /* ClueComputer.mm */,
				552B1EA3217925720062E4CC /* ClueAnnaLyzer.h */,
				552B1E9D217925720062E4CC /* ClueAnnaLyzer.mm */,
				552B1EDA217925780062E4CC /* ClueBeaGinner.h */,
				552B1EB9217925750062E4CC /* ClueBeaGinner.mm */,
				552B1EAD217925740062E4CC /* ClueCyBorg.h */,
				552B1E96217925710062E4CC /* ClueCyBorg.mm */,
				552B1ECF217925770062E4CC /* ClueCyLent.h */,
				552B1ED6217925780062E4CC /* ClueCyLent.mm */,
				552B1E9B217925710062E4CC /* ClueDeeDucer.h */,
				552B1E98217925710062E4CC /* ClueDeeDucer.mm */,
				552B1E8B217925700062E4CC /* ClueRandyMizer.h */,
				552B1E90217925700062E4CC /* ClueRandyMizer.mm */,
			);
			name = AIs;
			sourceTree = "<group>";
		};
		55B4366F2179756C005ABAA2 /* MiscTableScroll */ = {
			isa = PBXGroup;
			children = (
				55B4372C2179ACAB005ABAA2 /* README.rtf */,
				55B437292179AB7A005ABAA2 /* License_Notes.rtf */,
				55B437282179AB7A005ABAA2 /* License.rtf */,
				55B436CF21797608005ABAA2 /* MiscBorderCell.h */,
				55B436C621797607005ABAA2 /* MiscBorderCell.mm */,
				55B436D121797608005ABAA2 /* MiscBorderView.h */,
				55B436C521797607005ABAA2 /* MiscBorderView.mm */,
				55B436B521797606005ABAA2 /* MiscColorList.mm */,
				55B436C021797607005ABAA2 /* MiscColorList.h */,
				55B436AC21797605005ABAA2 /* MiscColView.h */,
				55B4369A21797603005ABAA2 /* MiscColView.mm */,
				55B436A521797604005ABAA2 /* MiscCornerView.h */,
				55B4369321797602005ABAA2 /* MiscCornerView.mm */,
				55B436CC21797608005ABAA2 /* MiscDelegateFlags.mm */,
				55B436BB21797606005ABAA2 /* MiscDelegateFlags.h */,
				55B436A821797604005ABAA2 /* MiscDrawList.mm */,
				55B436B221797605005ABAA2 /* MiscDrawList.h */,
				55B4368321797601005ABAA2 /* MiscExporter.h */,
				55B436C921797607005ABAA2 /* MiscExporter.mm */,
				55B436AE21797605005ABAA2 /* MiscExporterAccessoryView.h */,
				55B4369021797602005ABAA2 /* MiscExporterAccessoryView.mm */,
				55B4369421797602005ABAA2 /* MiscExporterASCII.mm */,
				55B436B921797606005ABAA2 /* MiscExporterDBF.mm */,
				55B4368B21797602005ABAA2 /* MiscExporterPrivate.h */,
				55B4369821797603005ABAA2 /* MiscGeometry.mm */,
				55B4368E21797602005ABAA2 /* MiscGeometry.h */,
				55B436AB21797605005ABAA2 /* MiscHighlightTracker.h */,
				55B4369721797603005ABAA2 /* MiscHighlightTracker.mm */,
				55B436B421797606005ABAA2 /* MiscHorzResizeCursor.tiff */,
				55B436B721797606005ABAA2 /* MiscLineWrapper.h */,
				55B4369B21797603005ABAA2 /* MiscLineWrapper.mm */,
				55B4368821797602005ABAA2 /* MiscListTracker.h */,
				55B436BC21797606005ABAA2 /* MiscListTracker.mm */,
				55B436AA21797605005ABAA2 /* MiscMouseTracker.h */,
				55B4368C21797602005ABAA2 /* MiscMouseTracker.mm */,
				55B436BF21797607005ABAA2 /* MiscRadioTracker.h */,
				55B436AD21797605005ABAA2 /* MiscRadioTracker.mm */,
				55B4368F21797602005ABAA2 /* MiscRectColorList.h */,
				55B436C321797607005ABAA2 /* MiscRectColorList.mm */,
				55B436A721797604005ABAA2 /* MiscRectList.h */,
				55B4368121797601005ABAA2 /* MiscRectList.mm */,
				55B436C421797607005ABAA2 /* MiscReverseCursor.tiff */,
				55B436B121797605005ABAA2 /* MiscRowView.h */,
				55B4369621797603005ABAA2 /* MiscRowView.mm */,
				55B4368D21797602005ABAA2 /* MiscSlotDragCursor.tiff */,
				55B436CD21797608005ABAA2 /* MiscSortAscend.tiff */,
				55B4369521797602005ABAA2 /* MiscSortAscendH.tiff */,
				55B436BA21797606005ABAA2 /* MiscSortDescend.tiff */,
				55B436A621797604005ABAA2 /* MiscSortDescendH.tiff */,
				55B4369E21797603005ABAA2 /* MiscSparseSet.cc */,
				55B436A321797604005ABAA2 /* MiscSparseSet.h */,
				55B436B021797605005ABAA2 /* MiscTableBorder.h */,
				55B436C121797607005ABAA2 /* MiscTableBorder.mm */,
				55B436BE21797607005ABAA2 /* MiscTableBorderIO.mm */,
				55B436B621797606005ABAA2 /* MiscTableBorderSel.mm */,
				55B4369221797602005ABAA2 /* MiscTableCell.h */,
				55B436C721797607005ABAA2 /* MiscTableCell.mm */,
				55B4368721797601005ABAA2 /* MiscTableConnector.h */,
				55B4369921797603005ABAA2 /* MiscTableConnector.mm */,
				55B4369121797602005ABAA2 /* MiscTableScroll.h */,
				55B4368221797601005ABAA2 /* MiscTableScroll.mm */,
				55B4368021797601005ABAA2 /* MiscTableScrollData.mm */,
				55B436AF21797605005ABAA2 /* MiscTableScrollEdit.mm */,
				55B4368A21797602005ABAA2 /* MiscTableScrollIO.mm */,
				55B4368621797601005ABAA2 /* MiscTableScrollISearch.mm */,
				55B436B321797606005ABAA2 /* MiscTableScrollKB.mm */,
				55B436A921797605005ABAA2 /* MiscTableScrollPB.mm */,
				55B436C821797607005ABAA2 /* MiscTableScrollPrint.mm */,
				55B4368921797602005ABAA2 /* MiscTableScrollPrivate.h */,
				55B4369F21797603005ABAA2 /* MiscTableScrollSel.mm */,
				55B4369C21797603005ABAA2 /* MiscTableScrollSort.mm */,
				55B4369D21797603005ABAA2 /* MiscTableScrollSymbols.mm */,
				55B436C221797607005ABAA2 /* MiscTableTypes.h */,
				55B436A021797604005ABAA2 /* MiscTableUtil.h */,
				55B436BD21797606005ABAA2 /* MiscTableView.h */,
				55B436A421797604005ABAA2 /* MiscTableView.mm */,
				55B4372621797A4F005ABAA2 /* NSNibConnector.h */,
				55B436A121797604005ABAA2 /* MiscTableViewCursor.mm */,
				55B436CA21797608005ABAA2 /* MiscTableViewDrag.mm */,
				55B436D221797608005ABAA2 /* MiscTableViewPrint.mm */,
				55B4368421797601005ABAA2 /* MiscTableViewPrivate.h */,
				55B4368521797601005ABAA2 /* MiscTableViewPS.psw */,
				55B436CE21797608005ABAA2 /* MiscTableWell.h */,
				55B436B821797606005ABAA2 /* MiscTableWell.mm */,
				55B436A221797604005ABAA2 /* MiscTracer.h */,
				55B436CB21797608005ABAA2 /* MiscTracer.mm */,
				55B436D021797608005ABAA2 /* MiscVertResizeCursor.tiff */,
				55B4367F217975AF005ABAA2 /* MiscExporterAccessoryView.nib */,
				55B436712179756C005ABAA2 /* Info.plist */,
			);
			path = MiscTableScroll;
			sourceTree = "<group>";
			usesTabs = 0;
		};
/* End PBXGroup section */

/* Begin PBXHeadersBuildPhase section */
		55B436692179756C005ABAA2 /* Headers */ = {
			isa = PBXHeadersBuildPhase;
			buildActionMask = 2147483647;
			files = (
				55B4372221797609005ABAA2 /* MiscBorderCell.h in Headers */,
				55B436D721797608005ABAA2 /* MiscTableViewPrivate.h in Headers */,
				55B436F621797608005ABAA2 /* MiscSparseSet.h in Headers */,
				55B436DB21797608005ABAA2 /* MiscListTracker.h in Headers */,
				55B4371221797608005ABAA2 /* MiscRadioTracker.h in Headers */,
				55B4371321797608005ABAA2 /* MiscColorList.h in Headers */,
				55B436E421797608005ABAA2 /* MiscTableScroll.h in Headers */,
				55B4371021797608005ABAA2 /* MiscTableView.h in Headers */,
				55B4370A21797608005ABAA2 /* MiscLineWrapper.h in Headers */,
				55B436F821797608005ABAA2 /* MiscCornerView.h in Headers */,
				55B436DE21797608005ABAA2 /* MiscExporterPrivate.h in Headers */,
				55B4372721797A4F005ABAA2 /* NSNibConnector.h in Headers */,
				55B4372421797609005ABAA2 /* MiscBorderView.h in Headers */,
				55B436FD21797608005ABAA2 /* MiscMouseTracker.h in Headers */,
				55B436DA21797608005ABAA2 /* MiscTableConnector.h in Headers */,
				55B436E121797608005ABAA2 /* MiscGeometry.h in Headers */,
				55B4370121797608005ABAA2 /* MiscExporterAccessoryView.h in Headers */,
				55B436F521797608005ABAA2 /* MiscTracer.h in Headers */,
				55B4371521797608005ABAA2 /* MiscTableTypes.h in Headers */,
				55B4372121797609005ABAA2 /* MiscTableWell.h in Headers */,
				55B436FA21797608005ABAA2 /* MiscRectList.h in Headers */,
				55B4370E21797608005ABAA2 /* MiscDelegateFlags.h in Headers */,
				55B4370321797608005ABAA2 /* MiscTableBorder.h in Headers */,
				55B4370521797608005ABAA2 /* MiscDrawList.h in Headers */,
				55B436E521797608005ABAA2 /* MiscTableCell.h in Headers */,
				55B436DC21797608005ABAA2 /* MiscTableScrollPrivate.h in Headers */,
				55B4370421797608005ABAA2 /* MiscRowView.h in Headers */,
				55B436D621797608005ABAA2 /* MiscExporter.h in Headers */,
				55B436E221797608005ABAA2 /* MiscRectColorList.h in Headers */,
				55B436FE21797608005ABAA2 /* MiscHighlightTracker.h in Headers */,
				55B436F321797608005ABAA2 /* MiscTableUtil.h in Headers */,
				55B436FF21797608005ABAA2 /* MiscColView.h in Headers */,
			);
			runOnlyForDeploymentPostprocessing = 0;
		};
/* End PBXHeadersBuildPhase section */

/* Begin PBXNativeTarget section */
		552B1E70217924760062E4CC /* NeXTClue */ = {
			isa = PBXNativeTarget;
			buildConfigurationList = 552B1E7F217924780062E4CC /* Build configuration list for PBXNativeTarget "NeXTClue" */;
			buildPhases = (
				552B1E6D217924760062E4CC /* Sources */,
				552B1E6E217924760062E4CC /* Frameworks */,
				552B1E6F217924760062E4CC /* Resources */,
				55B4367A2179756D005ABAA2 /* Embed Frameworks */,
			);
			buildRules = (
			);
			dependencies = (
				55B436742179756C005ABAA2 /* PBXTargetDependency */,
			);
			name = NeXTClue;
			productName = NeXTClue;
			productReference = 552B1E71217924760062E4CC /* NeXTClue.app */;
			productType = "com.apple.product-type.application";
		};
		55B4366D2179756C005ABAA2 /* MiscTableScroll */ = {
			isa = PBXNativeTarget;
			buildConfigurationList = 55B436772179756D005ABAA2 /* Build configuration list for PBXNativeTarget "MiscTableScroll" */;
			buildPhases = (
				55B436692179756C005ABAA2 /* Headers */,
				55B4366A2179756C005ABAA2 /* Sources */,
				55B4366B2179756C005ABAA2 /* Frameworks */,
				55B4366C2179756C005ABAA2 /* Resources */,
			);
			buildRules = (
			);
			dependencies = (
			);
			name = MiscTableScroll;
			productName = MiscTableScroll;
			productReference = 55B4366E2179756C005ABAA2 /* MiscTableScroll.framework */;
			productType = "com.apple.product-type.framework";
		};
/* End PBXNativeTarget section */

/* Begin PBXProject section */
		552B1E69217924760062E4CC /* Project object */ = {
			isa = PBXProject;
			attributes = {
				LastSwiftUpdateCheck = 1000;
				LastUpgradeCheck = 1000;
				ORGANIZATIONNAME = "C.W. Betts";
				TargetAttributes = {
					552B1E70217924760062E4CC = {
						CreatedOnToolsVersion = 10.0;
					};
					55B4366D2179756C005ABAA2 = {
						CreatedOnToolsVersion = 10.0;
					};
				};
			};
			buildConfigurationList = 552B1E6C217924760062E4CC /* Build configuration list for PBXProject "NeXTClue" */;
			compatibilityVersion = "Xcode 9.3";
			developmentRegion = en;
			hasScannedForEncodings = 0;
			knownRegions = (
				en,
				Base,
				English,
			);
			mainGroup = 552B1E68217924760062E4CC;
			productRefGroup = 552B1E72217924760062E4CC /* Products */;
			projectDirPath = "";
			projectRoot = "";
			targets = (
				552B1E70217924760062E4CC /* NeXTClue */,
				55B4366D2179756C005ABAA2 /* MiscTableScroll */,
			);
		};
/* End PBXProject section */

/* Begin PBXResourcesBuildPhase section */
		552B1E6F217924760062E4CC /* Resources */ = {
			isa = PBXResourcesBuildPhase;
			buildActionMask = 2147483647;
			files = (
				552B1F1E217925790062E4CC /* PACKAGE_NUMBER in Resources */,
				552B1F05217925790062E4CC /* ClueBoard.xib in Resources */,
				552B1F21217925790062E4CC /* ClueRules.rtfd in Resources */,
				552B1F25217934650062E4CC /* RELEASE_NUMBER in Resources */,
				552B1F09217925790062E4CC /* ClueMessages.xib in Resources */,
				552B1E77217924780062E4CC /* Assets.xcassets in Resources */,
				552B1F11217925790062E4CC /* HISTORY.txt in Resources */,
				552B1EF2217925790062E4CC /* ClueRules.xib in Resources */,
				552B1EF3217925790062E4CC /* ClueInfo.xib in Resources */,
				552B1F10217925790062E4CC /* ClueSetup.xib in Resources */,
				552B1F0D217925790062E4CC /* ClueHuman.nib in Resources */,
				552B1F08217925790062E4CC /* Clue.xib in Resources */,
				552B1E87217925190062E4CC /* Help in Resources */,
			);
			runOnlyForDeploymentPostprocessing = 0;
		};
		55B4366C2179756C005ABAA2 /* Resources */ = {
			isa = PBXResourcesBuildPhase;
			buildActionMask = 2147483647;
			files = (
				55B436F921797608005ABAA2 /* MiscSortDescendH.tiff in Resources */,
				55B4367D217975AF005ABAA2 /* MiscExporterAccessoryView.nib in Resources */,
				55B436E821797608005ABAA2 /* MiscSortAscendH.tiff in Resources */,
				55B4371721797608005ABAA2 /* MiscReverseCursor.tiff in Resources */,
				55B4372D2179ACAB005ABAA2 /* README.rtf in Resources */,
				55B4372021797609005ABAA2 /* MiscSortAscend.tiff in Resources */,
				55B4372321797609005ABAA2 /* MiscVertResizeCursor.tiff in Resources */,
				55B4370721797608005ABAA2 /* MiscHorzResizeCursor.tiff in Resources */,
				55B436D821797608005ABAA2 /* MiscTableViewPS.psw in Resources */,
				55B436E021797608005ABAA2 /* MiscSlotDragCursor.tiff in Resources */,
				55B4372A2179AB7A005ABAA2 /* License.rtf in Resources */,
				55B4372B2179AB7A005ABAA2 /* License_Notes.rtf in Resources */,
				55B4370D21797608005ABAA2 /* MiscSortDescend.tiff in Resources */,
			);
			runOnlyForDeploymentPostprocessing = 0;
		};
/* End PBXResourcesBuildPhase section */

/* Begin PBXSourcesBuildPhase section */
		552B1E6D217924760062E4CC /* Sources */ = {
			isa = PBXSourcesBuildPhase;
			buildActionMask = 2147483647;
			files = (
				552B1EFF217925790062E4CC /* ClueBoardView.mm in Sources */,
				552B1F22217925790062E4CC /* CluePlayer.mm in Sources */,
				552B1EEB217925790062E4CC /* ClueDefs.mm in Sources */,
				552B1F0B217925790062E4CC /* ClueUpdateStack.cc in Sources */,
				552B1EEC217925790062E4CC /* ClueDeeDucer.mm in Sources */,
				552B1F07217925790062E4CC /* ClueCoordArray.cc in Sources */,
				552B1EEA217925790062E4CC /* ClueCyBorg.mm in Sources */,
				552B1F1D217925790062E4CC /* ClueTrace.mm in Sources */,
				552B1EE9217925790062E4CC /* ClueCondArray.cc in Sources */,
				552B1F13217925790062E4CC /* Clue_main.m in Sources */,
				552B1F19217925790062E4CC /* ClueCyLent.mm in Sources */,
				552B1F1A217925790062E4CC /* ClueInfo.mm in Sources */,
				552B1F0E217925790062E4CC /* ClueComputer.mm in Sources */,
				552B1F02217925790062E4CC /* ClueMessages.mm in Sources */,
				552B1EE4217925790062E4CC /* ClueLoadNib.mm in Sources */,
				552B1EEF217925790062E4CC /* ClueAnnaLyzer.mm in Sources */,
				552B1F04217925790062E4CC /* ClueBeaGinner.mm in Sources */,
				552B1F03217925790062E4CC /* ClueBoard.mm in Sources */,
				552B1EE6217925790062E4CC /* ClueRandyMizer.mm in Sources */,
				552B1EED217925790062E4CC /* ClueHuman.mm in Sources */,
				552B1EE2217925790062E4CC /* ClueRules.mm in Sources */,
				552B1F0F217925790062E4CC /* ClueMap.cc in Sources */,
				552B1EFA217925790062E4CC /* ClueSetup.mm in Sources */,
				552B1F1B217925790062E4CC /* ClueCardPicker.cc in Sources */,
				552B1F0A217925790062E4CC /* ClueMgr.mm in Sources */,
			);
			runOnlyForDeploymentPostprocessing = 0;
		};
		55B4366A2179756C005ABAA2 /* Sources */ = {
			isa = PBXSourcesBuildPhase;
			buildActionMask = 2147483647;
			files = (
				55B436EE21797608005ABAA2 /* MiscLineWrapper.mm in Sources */,
				55B436D321797608005ABAA2 /* MiscTableScrollData.mm in Sources */,
				55B436E921797608005ABAA2 /* MiscRowView.mm in Sources */,
				55B436DD21797608005ABAA2 /* MiscTableScrollIO.mm in Sources */,
				55B4371F21797609005ABAA2 /* MiscDelegateFlags.mm in Sources */,
				55B4371821797609005ABAA2 /* MiscBorderView.mm in Sources */,
				55B4371921797609005ABAA2 /* MiscBorderCell.mm in Sources */,
				55B436E321797608005ABAA2 /* MiscExporterAccessoryView.mm in Sources */,
				55B4371C21797609005ABAA2 /* MiscExporter.mm in Sources */,
				55B4371B21797609005ABAA2 /* MiscTableScrollPrint.mm in Sources */,
				55B4370F21797608005ABAA2 /* MiscListTracker.mm in Sources */,
				55B436E621797608005ABAA2 /* MiscCornerView.mm in Sources */,
				55B4371D21797609005ABAA2 /* MiscTableViewDrag.mm in Sources */,
				55B436FC21797608005ABAA2 /* MiscTableScrollPB.mm in Sources */,
				55B4371A21797609005ABAA2 /* MiscTableCell.mm in Sources */,
				55B436F121797608005ABAA2 /* MiscSparseSet.cc in Sources */,
				55B436DF21797608005ABAA2 /* MiscMouseTracker.mm in Sources */,
				55B4370621797608005ABAA2 /* MiscTableScrollKB.mm in Sources */,
				55B436EA21797608005ABAA2 /* MiscHighlightTracker.mm in Sources */,
				55B436D921797608005ABAA2 /* MiscTableScrollISearch.mm in Sources */,
				55B4370021797608005ABAA2 /* MiscRadioTracker.mm in Sources */,
				55B436ED21797608005ABAA2 /* MiscColView.mm in Sources */,
				55B436EF21797608005ABAA2 /* MiscTableScrollSort.mm in Sources */,
				55B436FB21797608005ABAA2 /* MiscDrawList.mm in Sources */,
				55B4371121797608005ABAA2 /* MiscTableBorderIO.mm in Sources */,
				55B436F221797608005ABAA2 /* MiscTableScrollSel.mm in Sources */,
				55B436D521797608005ABAA2 /* MiscTableScroll.mm in Sources */,
				55B4370821797608005ABAA2 /* MiscColorList.mm in Sources */,
				55B436D421797608005ABAA2 /* MiscRectList.mm in Sources */,
				55B4370C21797608005ABAA2 /* MiscExporterDBF.mm in Sources */,
				55B4370221797608005ABAA2 /* MiscTableScrollEdit.mm in Sources */,
				55B436E721797608005ABAA2 /* MiscExporterASCII.mm in Sources */,
				55B4371E21797609005ABAA2 /* MiscTracer.mm in Sources */,
				55B4370B21797608005ABAA2 /* MiscTableWell.mm in Sources */,
				55B436F421797608005ABAA2 /* MiscTableViewCursor.mm in Sources */,
				55B436EB21797608005ABAA2 /* MiscGeometry.mm in Sources */,
				55B436F021797608005ABAA2 /* MiscTableScrollSymbols.mm in Sources */,
				55B436F721797608005ABAA2 /* MiscTableView.mm in Sources */,
				55B4370921797608005ABAA2 /* MiscTableBorderSel.mm in Sources */,
				55B4371421797608005ABAA2 /* MiscTableBorder.mm in Sources */,
				55B4371621797608005ABAA2 /* MiscRectColorList.mm in Sources */,
				55B4372521797609005ABAA2 /* MiscTableViewPrint.mm in Sources */,
			);
			runOnlyForDeploymentPostprocessing = 0;
		};
/* End PBXSourcesBuildPhase section */

/* Begin PBXTargetDependency section */
		55B436742179756C005ABAA2 /* PBXTargetDependency */ = {
			isa = PBXTargetDependency;
			target = 55B4366D2179756C005ABAA2 /* MiscTableScroll */;
			targetProxy = 55B436732179756C005ABAA2 /* PBXContainerItemProxy */;
		};
/* End PBXTargetDependency section */

/* Begin PBXVariantGroup section */
		552B1E85217925190062E4CC /* Help */ = {
			isa = PBXVariantGroup;
			children = (
				552B1E86217925190062E4CC /* en */,
			);
			name = Help;
			sourceTree = "<group>";
		};
		55B4367F217975AF005ABAA2 /* MiscExporterAccessoryView.nib */ = {
			isa = PBXVariantGroup;
			children = (
				55B4367E217975AF005ABAA2 /* en */,
			);
			name = MiscExporterAccessoryView.nib;
			sourceTree = "<group>";
		};
/* End PBXVariantGroup section */

/* Begin XCBuildConfiguration section */
		552B1E7D217924780062E4CC /* Debug */ = {
			isa = XCBuildConfiguration;
			buildSettings = {
				ALWAYS_SEARCH_USER_PATHS = NO;
				CLANG_ANALYZER_NONNULL = YES;
				CLANG_ANALYZER_NUMBER_OBJECT_CONVERSION = YES_AGGRESSIVE;
				CLANG_CXX_LANGUAGE_STANDARD = "gnu++14";
				CLANG_CXX_LIBRARY = "libc++";
				CLANG_ENABLE_MODULES = YES;
				CLANG_ENABLE_OBJC_ARC = YES;
				CLANG_ENABLE_OBJC_WEAK = YES;
				CLANG_WARN_BLOCK_CAPTURE_AUTORELEASING = YES;
				CLANG_WARN_BOOL_CONVERSION = YES;
				CLANG_WARN_COMMA = YES;
				CLANG_WARN_CONSTANT_CONVERSION = YES;
				CLANG_WARN_DEPRECATED_OBJC_IMPLEMENTATIONS = YES;
				CLANG_WARN_DIRECT_OBJC_ISA_USAGE = YES_ERROR;
				CLANG_WARN_DOCUMENTATION_COMMENTS = YES;
				CLANG_WARN_EMPTY_BODY = YES;
				CLANG_WARN_ENUM_CONVERSION = YES;
				CLANG_WARN_INFINITE_RECURSION = YES;
				CLANG_WARN_INT_CONVERSION = YES;
				CLANG_WARN_NON_LITERAL_NULL_CONVERSION = YES;
				CLANG_WARN_OBJC_IMPLICIT_RETAIN_SELF = YES;
				CLANG_WARN_OBJC_LITERAL_CONVERSION = YES;
				CLANG_WARN_OBJC_ROOT_CLASS = YES_ERROR;
				CLANG_WARN_RANGE_LOOP_ANALYSIS = YES;
				CLANG_WARN_STRICT_PROTOTYPES = YES;
				CLANG_WARN_SUSPICIOUS_MOVE = YES;
				CLANG_WARN_UNGUARDED_AVAILABILITY = YES_AGGRESSIVE;
				CLANG_WARN_UNREACHABLE_CODE = YES;
				CLANG_WARN__DUPLICATE_METHOD_MATCH = YES;
				CODE_SIGN_IDENTITY = "-";
				COPY_PHASE_STRIP = NO;
				DEBUG_INFORMATION_FORMAT = dwarf;
				ENABLE_STRICT_OBJC_MSGSEND = YES;
				ENABLE_TESTABILITY = YES;
				GCC_C_LANGUAGE_STANDARD = gnu11;
				GCC_DYNAMIC_NO_PIC = NO;
				GCC_NO_COMMON_BLOCKS = YES;
				GCC_OPTIMIZATION_LEVEL = 0;
				GCC_PREPROCESSOR_DEFINITIONS = (
					"DEBUG=1",
					"$(inherited)",
				);
				GCC_WARN_64_TO_32_BIT_CONVERSION = YES;
				GCC_WARN_ABOUT_RETURN_TYPE = YES_ERROR;
				GCC_WARN_UNDECLARED_SELECTOR = YES;
				GCC_WARN_UNINITIALIZED_AUTOS = YES_AGGRESSIVE;
				GCC_WARN_UNUSED_FUNCTION = YES;
				GCC_WARN_UNUSED_VARIABLE = YES;
				MACOSX_DEPLOYMENT_TARGET = 10.14;
				MTL_ENABLE_DEBUG_INFO = INCLUDE_SOURCE;
				MTL_FAST_MATH = YES;
				ONLY_ACTIVE_ARCH = YES;
				SDKROOT = macosx;
				SWIFT_ACTIVE_COMPILATION_CONDITIONS = DEBUG;
				SWIFT_OPTIMIZATION_LEVEL = "-Onone";
			};
			name = Debug;
		};
		552B1E7E217924780062E4CC /* Release */ = {
			isa = XCBuildConfiguration;
			buildSettings = {
				ALWAYS_SEARCH_USER_PATHS = NO;
				CLANG_ANALYZER_NONNULL = YES;
				CLANG_ANALYZER_NUMBER_OBJECT_CONVERSION = YES_AGGRESSIVE;
				CLANG_CXX_LANGUAGE_STANDARD = "gnu++14";
				CLANG_CXX_LIBRARY = "libc++";
				CLANG_ENABLE_MODULES = YES;
				CLANG_ENABLE_OBJC_ARC = YES;
				CLANG_ENABLE_OBJC_WEAK = YES;
				CLANG_WARN_BLOCK_CAPTURE_AUTORELEASING = YES;
				CLANG_WARN_BOOL_CONVERSION = YES;
				CLANG_WARN_COMMA = YES;
				CLANG_WARN_CONSTANT_CONVERSION = YES;
				CLANG_WARN_DEPRECATED_OBJC_IMPLEMENTATIONS = YES;
				CLANG_WARN_DIRECT_OBJC_ISA_USAGE = YES_ERROR;
				CLANG_WARN_DOCUMENTATION_COMMENTS = YES;
				CLANG_WARN_EMPTY_BODY = YES;
				CLANG_WARN_ENUM_CONVERSION = YES;
				CLANG_WARN_INFINITE_RECURSION = YES;
				CLANG_WARN_INT_CONVERSION = YES;
				CLANG_WARN_NON_LITERAL_NULL_CONVERSION = YES;
				CLANG_WARN_OBJC_IMPLICIT_RETAIN_SELF = YES;
				CLANG_WARN_OBJC_LITERAL_CONVERSION = YES;
				CLANG_WARN_OBJC_ROOT_CLASS = YES_ERROR;
				CLANG_WARN_RANGE_LOOP_ANALYSIS = YES;
				CLANG_WARN_STRICT_PROTOTYPES = YES;
				CLANG_WARN_SUSPICIOUS_MOVE = YES;
				CLANG_WARN_UNGUARDED_AVAILABILITY = YES_AGGRESSIVE;
				CLANG_WARN_UNREACHABLE_CODE = YES;
				CLANG_WARN__DUPLICATE_METHOD_MATCH = YES;
				CODE_SIGN_IDENTITY = "-";
				COPY_PHASE_STRIP = NO;
				DEBUG_INFORMATION_FORMAT = "dwarf-with-dsym";
				ENABLE_NS_ASSERTIONS = NO;
				ENABLE_STRICT_OBJC_MSGSEND = YES;
				GCC_C_LANGUAGE_STANDARD = gnu11;
				GCC_NO_COMMON_BLOCKS = YES;
				GCC_WARN_64_TO_32_BIT_CONVERSION = YES;
				GCC_WARN_ABOUT_RETURN_TYPE = YES_ERROR;
				GCC_WARN_UNDECLARED_SELECTOR = YES;
				GCC_WARN_UNINITIALIZED_AUTOS = YES_AGGRESSIVE;
				GCC_WARN_UNUSED_FUNCTION = YES;
				GCC_WARN_UNUSED_VARIABLE = YES;
				MACOSX_DEPLOYMENT_TARGET = 10.14;
				MTL_ENABLE_DEBUG_INFO = NO;
				MTL_FAST_MATH = YES;
				SDKROOT = macosx;
				SWIFT_COMPILATION_MODE = wholemodule;
				SWIFT_OPTIMIZATION_LEVEL = "-O";
			};
			name = Release;
		};
		552B1E80217924780062E4CC /* Debug */ = {
			isa = XCBuildConfiguration;
			buildSettings = {
				ASSETCATALOG_COMPILER_APPICON_NAME = AppIcon;
				CLANG_ENABLE_OBJC_ARC = NO;
				CODE_SIGN_ENTITLEMENTS = NeXTClue.entitlements;
				CODE_SIGN_STYLE = Automatic;
				COMBINE_HIDPI_IMAGES = YES;
				INFOPLIST_FILE = Info.plist;
				LD_RUNPATH_SEARCH_PATHS = (
					"$(inherited)",
					"@executable_path/../Frameworks",
				);
				PRODUCT_BUNDLE_IDENTIFIER = com.github.MaddTheSane.NeXTClue;
				PRODUCT_NAME = "$(TARGET_NAME)";
				SWIFT_VERSION = 4.2;
			};
			name = Debug;
		};
		552B1E81217924780062E4CC /* Release */ = {
			isa = XCBuildConfiguration;
			buildSettings = {
				ASSETCATALOG_COMPILER_APPICON_NAME = AppIcon;
				CLANG_ENABLE_OBJC_ARC = NO;
				CODE_SIGN_ENTITLEMENTS = NeXTClue.entitlements;
				CODE_SIGN_STYLE = Automatic;
				COMBINE_HIDPI_IMAGES = YES;
				INFOPLIST_FILE = Info.plist;
				LD_RUNPATH_SEARCH_PATHS = (
					"$(inherited)",
					"@executable_path/../Frameworks",
				);
				PRODUCT_BUNDLE_IDENTIFIER = com.github.MaddTheSane.NeXTClue;
				PRODUCT_NAME = "$(TARGET_NAME)";
				SWIFT_VERSION = 4.2;
			};
			name = Release;
		};
		55B436782179756D005ABAA2 /* Debug */ = {
			isa = XCBuildConfiguration;
			buildSettings = {
				CLANG_ENABLE_OBJC_ARC = NO;
				CLANG_WARN_DIRECT_OBJC_ISA_USAGE = NO;
				CODE_SIGN_IDENTITY = "";
				CODE_SIGN_STYLE = Automatic;
				COMBINE_HIDPI_IMAGES = YES;
				CURRENT_PROJECT_VERSION = 1;
				DEFINES_MODULE = YES;
				DYLIB_COMPATIBILITY_VERSION = 1;
				DYLIB_CURRENT_VERSION = 1;
				DYLIB_INSTALL_NAME_BASE = "@rpath";
				ENABLE_STRICT_OBJC_MSGSEND = NO;
				FRAMEWORK_VERSION = A;
				INFOPLIST_FILE = MiscTableScroll/Info.plist;
				INSTALL_PATH = "$(LOCAL_LIBRARY_DIR)/Frameworks";
				LD_RUNPATH_SEARCH_PATHS = (
					"$(inherited)",
					"@executable_path/../Frameworks",
					"@loader_path/Frameworks",
				);
				PRODUCT_BUNDLE_IDENTIFIER = "com.high-speed-software.MiscTableScroll";
				PRODUCT_NAME = "$(TARGET_NAME:c99extidentifier)";
				SKIP_INSTALL = YES;
				VERSIONING_SYSTEM = "apple-generic";
				VERSION_INFO_PREFIX = "";
			};
			name = Debug;
		};
		55B436792179756D005ABAA2 /* Release */ = {
			isa = XCBuildConfiguration;
			buildSettings = {
				CLANG_ENABLE_OBJC_ARC = NO;
				CLANG_WARN_DIRECT_OBJC_ISA_USAGE = NO;
				CODE_SIGN_IDENTITY = "";
				CODE_SIGN_STYLE = Automatic;
				COMBINE_HIDPI_IMAGES = YES;
				CURRENT_PROJECT_VERSION = 1;
				DEFINES_MODULE = YES;
				DYLIB_COMPATIBILITY_VERSION = 1;
				DYLIB_CURRENT_VERSION = 1;
				DYLIB_INSTALL_NAME_BASE = "@rpath";
				ENABLE_STRICT_OBJC_MSGSEND = NO;
				FRAMEWORK_VERSION = A;
				INFOPLIST_FILE = MiscTableScroll/Info.plist;
				INSTALL_PATH = "$(LOCAL_LIBRARY_DIR)/Frameworks";
				LD_RUNPATH_SEARCH_PATHS = (
					"$(inherited)",
					"@executable_path/../Frameworks",
					"@loader_path/Frameworks",
				);
				PRODUCT_BUNDLE_IDENTIFIER = "com.high-speed-software.MiscTableScroll";
				PRODUCT_NAME = "$(TARGET_NAME:c99extidentifier)";
				SKIP_INSTALL = YES;
				VERSIONING_SYSTEM = "apple-generic";
				VERSION_INFO_PREFIX = "";
			};
			name = Release;
		};
/* End XCBuildConfiguration section */

/* Begin XCConfigurationList section */
		552B1E6C217924760062E4CC /* Build configuration list for PBXProject "NeXTClue" */ = {
			isa = XCConfigurationList;
			buildConfigurations = (
				552B1E7D217924780062E4CC /* Debug */,
				552B1E7E217924780062E4CC /* Release */,
			);
			defaultConfigurationIsVisible = 0;
			defaultConfigurationName = Release;
		};
		552B1E7F217924780062E4CC /* Build configuration list for PBXNativeTarget "NeXTClue" */ = {
			isa = XCConfigurationList;
			buildConfigurations = (
				552B1E80217924780062E4CC /* Debug */,
				552B1E81217924780062E4CC /* Release */,
			);
			defaultConfigurationIsVisible = 0;
			defaultConfigurationName = Release;
		};
		55B436772179756D005ABAA2 /* Build configuration list for PBXNativeTarget "MiscTableScroll" */ = {
			isa = XCConfigurationList;
			buildConfigurations = (
				55B436782179756D005ABAA2 /* Debug */,
				55B436792179756D005ABAA2 /* Release */,
			);
			defaultConfigurationIsVisible = 0;
			defaultConfigurationName = Release;
		};
/* End XCConfigurationList section */
	};
	rootObject = 552B1E69217924760062E4CC /* Project object */;
}
